// !$*UTF8*$!
{
	archiveVersion = 1;
	classes = {
	};
	objectVersion = 48;
	objects = {

/* Begin PBXAggregateTarget section */
		10A2DFC220F639C900BDAA61 /* CreateDMG */ = {
			isa = PBXAggregateTarget;
			buildConfigurationList = 10A2DFC520F639CA00BDAA61 /* Build configuration list for PBXAggregateTarget "CreateDMG" */;
			buildPhases = (
				10A2DFC820F639EF00BDAA61 /* ShellScript */,
			);
			dependencies = (
				10A2DFC720F639D400BDAA61 /* PBXTargetDependency */,
			);
			name = CreateDMG;
			productName = CreateDMG;
		};
/* End PBXAggregateTarget section */

/* Begin PBXBuildFile section */
		1008B40D204AD147006E42E1 /* SystemComm.m in Sources */ = {isa = PBXBuildFile; fileRef = 1008B40C204AD147006E42E1 /* SystemComm.m */; };
		101278522016DCD30027470B /* MainWindow.xib in Resources */ = {isa = PBXBuildFile; fileRef = 103A168F20161C100014173C /* MainWindow.xib */; };
		101278532016DCD30027470B /* ITunesAddWindow.xib in Resources */ = {isa = PBXBuildFile; fileRef = 103A168B20161C100014173C /* ITunesAddWindow.xib */; };
		101278542016DCD30027470B /* PreferenceWindow.xib in Resources */ = {isa = PBXBuildFile; fileRef = 103A168920161C100014173C /* PreferenceWindow.xib */; };
		101278552016DCD30027470B /* ProgressWindow.xib in Resources */ = {isa = PBXBuildFile; fileRef = 103A168D20161C100014173C /* ProgressWindow.xib */; };
		1038F43220318562005D997D /* RSVerticallyCenteredTextFieldCell.m in Sources */ = {isa = PBXBuildFile; fileRef = 1038F43120318562005D997D /* RSVerticallyCenteredTextFieldCell.m */; };
		103A16A120161D940014173C /* INAppStoreWindow.m in Sources */ = {isa = PBXBuildFile; fileRef = 103A169A20161D3F0014173C /* INAppStoreWindow.m */; };
		103A16A220161D940014173C /* INWindowButton.m in Sources */ = {isa = PBXBuildFile; fileRef = 103A169E20161D3F0014173C /* INWindowButton.m */; };
		103A16A320161D940014173C /* AppController.m in Sources */ = {isa = PBXBuildFile; fileRef = 103A167820161C000014173C /* AppController.m */; };
		103A16A420161D940014173C /* ITunesAddWindowController.m in Sources */ = {isa = PBXBuildFile; fileRef = 103A167F20161C000014173C /* ITunesAddWindowController.m */; };
		103A16A520161D940014173C /* PreferenceWindowController.m in Sources */ = {isa = PBXBuildFile; fileRef = 103A167120161BFF0014173C /* PreferenceWindowController.m */; };
		103A16A620161D940014173C /* ProgressWindowController.m in Sources */ = {isa = PBXBuildFile; fileRef = 103A167420161BFF0014173C /* ProgressWindowController.m */; };
		103A16A720161D940014173C /* BackgroundView.m in Sources */ = {isa = PBXBuildFile; fileRef = 103A167D20161C000014173C /* BackgroundView.m */; };
		103A16A820161D940014173C /* DurationToStringTransformer.m in Sources */ = {isa = PBXBuildFile; fileRef = 103A167520161C000014173C /* DurationToStringTransformer.m */; };
		103A16A920161D940014173C /* MGuideView.m in Sources */ = {isa = PBXBuildFile; fileRef = 103A166E20161BFF0014173C /* MGuideView.m */; };
		103A16AA20161D940014173C /* MTableView.m in Sources */ = {isa = PBXBuildFile; fileRef = 103A167320161BFF0014173C /* MTableView.m */; };
		103A16AB20161D940014173C /* NSAlertSynchronousSheet.m in Sources */ = {isa = PBXBuildFile; fileRef = 103A167A20161C000014173C /* NSAlertSynchronousSheet.m */; };
		104268602019B1E70020443F /* HistoryWindow.xib in Resources */ = {isa = PBXBuildFile; fileRef = 1042685E2019B1E60020443F /* HistoryWindow.xib */; };
		104268632019B44A0020443F /* HistoryItem.xib in Resources */ = {isa = PBXBuildFile; fileRef = 104268612019B44A0020443F /* HistoryItem.xib */; };
		10577BC72051330F00933023 /* ProductionAuthentication.framework in Frameworks */ = {isa = PBXBuildFile; fileRef = 10577BC62051330F00933023 /* ProductionAuthentication.framework */; };
		10577BC82051330F00933023 /* ProductionAuthentication.framework in Embed Frameworks */ = {isa = PBXBuildFile; fileRef = 10577BC62051330F00933023 /* ProductionAuthentication.framework */; settings = {ATTRIBUTES = (CodeSignOnCopy, RemoveHeadersOnCopy, ); }; };
		10577BCB20522A1700933023 /* Localizable.strings in Resources */ = {isa = PBXBuildFile; fileRef = 10577BC920522A1700933023 /* Localizable.strings */; };
		10577BDD205250C900933023 /* Credits.rtf in Resources */ = {isa = PBXBuildFile; fileRef = 10577BDB205250C900933023 /* Credits.rtf */; };
		1082E02C2016EB0A0068BC12 /* HistoryWindowController.m in Sources */ = {isa = PBXBuildFile; fileRef = 1082E02A2016EB0A0068BC12 /* HistoryWindowController.m */; };
		10927C30205FF62A00307F82 /* ITunesSettingGuideWindowController.m in Sources */ = {isa = PBXBuildFile; fileRef = 10927C2D205FF62A00307F82 /* ITunesSettingGuideWindowController.m */; };
		1095CF2E2010E83400D0EEAE /* add_hover@2x.png in Resources */ = {isa = PBXBuildFile; fileRef = 1095CF1C2010E82100D0EEAE /* add_hover@2x.png */; settings = {ASSET_TAGS = (res, ); }; };
		1095CF2F2010E83400D0EEAE /* add@2x.png in Resources */ = {isa = PBXBuildFile; fileRef = 1095CF182010E82100D0EEAE /* add@2x.png */; settings = {ASSET_TAGS = (res, ); }; };
		1095CF302010E83400D0EEAE /* audiobook@2x.png in Resources */ = {isa = PBXBuildFile; fileRef = 1095CF232010E82200D0EEAE /* audiobook@2x.png */; settings = {ASSET_TAGS = (res, ); }; };
		1095CF312010E83400D0EEAE /* buy_hover@2x.png in Resources */ = {isa = PBXBuildFile; fileRef = 1095CF152010E82100D0EEAE /* buy_hover@2x.png */; settings = {ASSET_TAGS = (res, ); }; };
		1095CF322010E83400D0EEAE /* buy@2x.png in Resources */ = {isa = PBXBuildFile; fileRef = 1095CF212010E82200D0EEAE /* buy@2x.png */; settings = {ASSET_TAGS = (res, ); }; };
		1095CF332010E83400D0EEAE /* convert@2x.png in Resources */ = {isa = PBXBuildFile; fileRef = 1095CF1F2010E82200D0EEAE /* convert@2x.png */; settings = {ASSET_TAGS = (res, ); }; };
		1095CF342010E83400D0EEAE /* delete_hover@2x.png in Resources */ = {isa = PBXBuildFile; fileRef = 1095CF2A2010E82300D0EEAE /* delete_hover@2x.png */; settings = {ASSET_TAGS = (res, ); }; };
		1095CF352010E83400D0EEAE /* delete@2x.png in Resources */ = {isa = PBXBuildFile; fileRef = 1095CF242010E82200D0EEAE /* delete@2x.png */; settings = {ASSET_TAGS = (res, ); }; };
		1095CF362010E83400D0EEAE /* history_hover@2x.png in Resources */ = {isa = PBXBuildFile; fileRef = 1095CF2D2010E82300D0EEAE /* history_hover@2x.png */; settings = {ASSET_TAGS = (res, ); }; };
		1095CF372010E83400D0EEAE /* history@2x.png in Resources */ = {isa = PBXBuildFile; fileRef = 1095CF252010E82200D0EEAE /* history@2x.png */; settings = {ASSET_TAGS = (res, ); }; };
		1095CF382010E83400D0EEAE /* historyGuide@2x.png in Resources */ = {isa = PBXBuildFile; fileRef = 1095CF262010E82200D0EEAE /* historyGuide@2x.png */; settings = {ASSET_TAGS = (res, ); }; };
		1095CF392010E83400D0EEAE /* itunesu@2x.png in Resources */ = {isa = PBXBuildFile; fileRef = 1095CF1E2010E82200D0EEAE /* itunesu@2x.png */; settings = {ASSET_TAGS = (res, ); }; };
		1095CF3A2010E83400D0EEAE /* music@2x.png in Resources */ = {isa = PBXBuildFile; fileRef = 1095CF272010E82200D0EEAE /* music@2x.png */; settings = {ASSET_TAGS = (res, ); }; };
		1095CF3B2010E83400D0EEAE /* openHistory_hover@2x.png in Resources */ = {isa = PBXBuildFile; fileRef = 1095CF282010E82300D0EEAE /* openHistory_hover@2x.png */; settings = {ASSET_TAGS = (res, ); }; };
		1095CF3C2010E83400D0EEAE /* openHistory@2x.png in Resources */ = {isa = PBXBuildFile; fileRef = 1095CF172010E82100D0EEAE /* openHistory@2x.png */; settings = {ASSET_TAGS = (res, ); }; };
		1095CF3D2010E83400D0EEAE /* playlist@2x.png in Resources */ = {isa = PBXBuildFile; fileRef = 1095CF292010E82300D0EEAE /* playlist@2x.png */; settings = {ASSET_TAGS = (res, ); }; };
		1095CF3E2010E83400D0EEAE /* playlistGuide@2x.png in Resources */ = {isa = PBXBuildFile; fileRef = 1095CF2C2010E82300D0EEAE /* playlistGuide@2x.png */; settings = {ASSET_TAGS = (res, ); }; };
		1095CF3F2010E83400D0EEAE /* removeHistory_hover@2x.png in Resources */ = {isa = PBXBuildFile; fileRef = 1095CF202010E82200D0EEAE /* removeHistory_hover@2x.png */; settings = {ASSET_TAGS = (res, ); }; };
		1095CF402010E83400D0EEAE /* removeHistory@2x.png in Resources */ = {isa = PBXBuildFile; fileRef = 1095CF132010E82100D0EEAE /* removeHistory@2x.png */; settings = {ASSET_TAGS = (res, ); }; };
		1095CF412010E83400D0EEAE /* setting_hover@2x.png in Resources */ = {isa = PBXBuildFile; fileRef = 1095CF162010E82100D0EEAE /* setting_hover@2x.png */; settings = {ASSET_TAGS = (res, ); }; };
		1095CF422010E83400D0EEAE /* setting@2x.png in Resources */ = {isa = PBXBuildFile; fileRef = 1095CF142010E82100D0EEAE /* setting@2x.png */; settings = {ASSET_TAGS = (res, ); }; };
		1095CF432010E83400D0EEAE /* ShareXMLiTunesLibrary.tiff in Resources */ = {isa = PBXBuildFile; fileRef = 1095CF2B2010E82300D0EEAE /* ShareXMLiTunesLibrary.tiff */; settings = {ASSET_TAGS = (res, ); }; };
		1095CF442010E83400D0EEAE /* smartplaylist@2x.png in Resources */ = {isa = PBXBuildFile; fileRef = 1095CF222010E82200D0EEAE /* smartplaylist@2x.png */; settings = {ASSET_TAGS = (res, ); }; };
		1095CF452010E83400D0EEAE /* welcome.png in Resources */ = {isa = PBXBuildFile; fileRef = 1095CF192010E82100D0EEAE /* welcome.png */; settings = {ASSET_TAGS = (res, ); }; };
		10B8F58120F22389000BB0FC /* dsa_pub.pem in Resources */ = {isa = PBXBuildFile; fileRef = 10B8F58020F22389000BB0FC /* dsa_pub.pem */; };
		10C08CFD20283F3E004FE770 /* DecryptCore.framework in Frameworks */ = {isa = PBXBuildFile; fileRef = 10C08CFC20283F3E004FE770 /* DecryptCore.framework */; };
		10C08CFE20283F3E004FE770 /* DecryptCore.framework in Embed Frameworks */ = {isa = PBXBuildFile; fileRef = 10C08CFC20283F3E004FE770 /* DecryptCore.framework */; settings = {ATTRIBUTES = (CodeSignOnCopy, RemoveHeadersOnCopy, ); }; };
		10CCF2301FE4F84C003AD44F /* AppDelegate.m in Sources */ = {isa = PBXBuildFile; fileRef = 10CCF22F1FE4F84C003AD44F /* AppDelegate.m */; };
		10CCF2351FE4F84C003AD44F /* Assets.xcassets in Resources */ = {isa = PBXBuildFile; fileRef = 10CCF2341FE4F84C003AD44F /* Assets.xcassets */; };
		10CCF23B1FE4F84C003AD44F /* main.m in Sources */ = {isa = PBXBuildFile; fileRef = 10CCF23A1FE4F84C003AD44F /* main.m */; };
		10CCF2601FE4F8ED003AD44F /* IOKit.framework in Frameworks */ = {isa = PBXBuildFile; fileRef = 10CE68FB1FE3AD6200EEB240 /* IOKit.framework */; };
		10CCF2631FE4F90D003AD44F /* CoreAudio.framework in Frameworks */ = {isa = PBXBuildFile; fileRef = 10AEAC161FAF08980093B5C7 /* CoreAudio.framework */; };
		10CCF2641FE4F90F003AD44F /* Security.framework in Frameworks */ = {isa = PBXBuildFile; fileRef = 101DC9351F6965F2002EDC64 /* Security.framework */; };
		10CCF2651FE4F910003AD44F /* AppKit.framework in Frameworks */ = {isa = PBXBuildFile; fileRef = 4F8685ED1F138E5700BF7953 /* AppKit.framework */; };
		10DDE27120628DE90060AFF3 /* ITunesSettingGuideWindow.xib in Resources */ = {isa = PBXBuildFile; fileRef = 10DDE27320628DE90060AFF3 /* ITunesSettingGuideWindow.xib */; };
		A358AEA52E88E9F1C59023B1 /* Pods_FireFury_Audio_DRM_Removal.framework in Frameworks */ = {isa = PBXBuildFile; fileRef = 4E40ADFE457B7D302D3826DC /* Pods_FireFury_Audio_DRM_Removal.framework */; };
/* End PBXBuildFile section */

/* Begin PBXContainerItemProxy section */
		10A2DFC620F639D400BDAA61 /* PBXContainerItemProxy */ = {
			isa = PBXContainerItemProxy;
			containerPortal = 4F49FB4F1F04A3D6008BE799 /* Project object */;
			proxyType = 1;
			remoteGlobalIDString = 10CCF22B1FE4F84C003AD44F;
			remoteInfo = "FireFury Audio DRM Removal";
		};
/* End PBXContainerItemProxy section */

/* Begin PBXCopyFilesBuildPhase section */
		10C08CFF20283F3E004FE770 /* Embed Frameworks */ = {
			isa = PBXCopyFilesBuildPhase;
			buildActionMask = 2147483647;
			dstPath = "";
			dstSubfolderSpec = 10;
			files = (
				10C08CFE20283F3E004FE770 /* DecryptCore.framework in Embed Frameworks */,
				10577BC82051330F00933023 /* ProductionAuthentication.framework in Embed Frameworks */,
			);
			name = "Embed Frameworks";
			runOnlyForDeploymentPostprocessing = 0;
		};
/* End PBXCopyFilesBuildPhase section */

/* Begin PBXFileReference section */
		1008B40B204AD147006E42E1 /* SystemComm.h */ = {isa = PBXFileReference; lastKnownFileType = sourcecode.c.h; path = SystemComm.h; sourceTree = "<group>"; };
		1008B40C204AD147006E42E1 /* SystemComm.m */ = {isa = PBXFileReference; lastKnownFileType = sourcecode.c.objc; path = SystemComm.m; sourceTree = "<group>"; };
		101DC9351F6965F2002EDC64 /* Security.framework */ = {isa = PBXFileReference; lastKnownFileType = wrapper.framework; name = Security.framework; path = System/Library/Frameworks/Security.framework; sourceTree = SDKROOT; };
		1038F43020318562005D997D /* RSVerticallyCenteredTextFieldCell.h */ = {isa = PBXFileReference; lastKnownFileType = sourcecode.c.h; path = RSVerticallyCenteredTextFieldCell.h; sourceTree = "<group>"; };
		1038F43120318562005D997D /* RSVerticallyCenteredTextFieldCell.m */ = {isa = PBXFileReference; lastKnownFileType = sourcecode.c.objc; path = RSVerticallyCenteredTextFieldCell.m; sourceTree = "<group>"; };
		103A166E20161BFF0014173C /* MGuideView.m */ = {isa = PBXFileReference; fileEncoding = 4; lastKnownFileType = sourcecode.c.objc; path = MGuideView.m; sourceTree = "<group>"; };
		103A166F20161BFF0014173C /* ITunesAddWindowController.h */ = {isa = PBXFileReference; fileEncoding = 4; lastKnownFileType = sourcecode.c.h; path = ITunesAddWindowController.h; sourceTree = "<group>"; };
		103A167020161BFF0014173C /* NSAlertSynchronousSheet.h */ = {isa = PBXFileReference; fileEncoding = 4; lastKnownFileType = sourcecode.c.h; path = NSAlertSynchronousSheet.h; sourceTree = "<group>"; };
		103A167120161BFF0014173C /* PreferenceWindowController.m */ = {isa = PBXFileReference; fileEncoding = 4; lastKnownFileType = sourcecode.c.objc; path = PreferenceWindowController.m; sourceTree = "<group>"; };
		103A167220161BFF0014173C /* MTableView.h */ = {isa = PBXFileReference; fileEncoding = 4; lastKnownFileType = sourcecode.c.h; path = MTableView.h; sourceTree = "<group>"; };
		103A167320161BFF0014173C /* MTableView.m */ = {isa = PBXFileReference; fileEncoding = 4; lastKnownFileType = sourcecode.c.objc; path = MTableView.m; sourceTree = "<group>"; };
		103A167420161BFF0014173C /* ProgressWindowController.m */ = {isa = PBXFileReference; fileEncoding = 4; lastKnownFileType = sourcecode.c.objc; path = ProgressWindowController.m; sourceTree = "<group>"; };
		103A167520161C000014173C /* DurationToStringTransformer.m */ = {isa = PBXFileReference; fileEncoding = 4; lastKnownFileType = sourcecode.c.objc; path = DurationToStringTransformer.m; sourceTree = "<group>"; };
		103A167620161C000014173C /* AppController.h */ = {isa = PBXFileReference; fileEncoding = 4; lastKnownFileType = sourcecode.c.h; path = AppController.h; sourceTree = "<group>"; };
		103A167720161C000014173C /* BackgroundView.h */ = {isa = PBXFileReference; fileEncoding = 4; lastKnownFileType = sourcecode.c.h; path = BackgroundView.h; sourceTree = "<group>"; };
		103A167820161C000014173C /* AppController.m */ = {isa = PBXFileReference; fileEncoding = 4; lastKnownFileType = sourcecode.c.objc; path = AppController.m; sourceTree = "<group>"; };
		103A167920161C000014173C /* MGuideView.h */ = {isa = PBXFileReference; fileEncoding = 4; lastKnownFileType = sourcecode.c.h; path = MGuideView.h; sourceTree = "<group>"; };
		103A167A20161C000014173C /* NSAlertSynchronousSheet.m */ = {isa = PBXFileReference; fileEncoding = 4; lastKnownFileType = sourcecode.c.objc; path = NSAlertSynchronousSheet.m; sourceTree = "<group>"; };
		103A167B20161C000014173C /* PreferenceWindowController.h */ = {isa = PBXFileReference; fileEncoding = 4; lastKnownFileType = sourcecode.c.h; path = PreferenceWindowController.h; sourceTree = "<group>"; };
		103A167C20161C000014173C /* ProgressWindowController.h */ = {isa = PBXFileReference; fileEncoding = 4; lastKnownFileType = sourcecode.c.h; path = ProgressWindowController.h; sourceTree = "<group>"; };
		103A167D20161C000014173C /* BackgroundView.m */ = {isa = PBXFileReference; fileEncoding = 4; lastKnownFileType = sourcecode.c.objc; path = BackgroundView.m; sourceTree = "<group>"; };
		103A167E20161C000014173C /* DurationToStringTransformer.h */ = {isa = PBXFileReference; fileEncoding = 4; lastKnownFileType = sourcecode.c.h; path = DurationToStringTransformer.h; sourceTree = "<group>"; };
		103A167F20161C000014173C /* ITunesAddWindowController.m */ = {isa = PBXFileReference; fileEncoding = 4; lastKnownFileType = sourcecode.c.objc; path = ITunesAddWindowController.m; sourceTree = "<group>"; };
		103A168A20161C100014173C /* Base */ = {isa = PBXFileReference; lastKnownFileType = file.xib; name = Base; path = Base.lproj/PreferenceWindow.xib; sourceTree = "<group>"; };
		103A168C20161C100014173C /* Base */ = {isa = PBXFileReference; lastKnownFileType = file.xib; name = Base; path = Base.lproj/ITunesAddWindow.xib; sourceTree = "<group>"; };
		103A168E20161C100014173C /* Base */ = {isa = PBXFileReference; lastKnownFileType = file.xib; name = Base; path = Base.lproj/ProgressWindow.xib; sourceTree = "<group>"; };
		103A169020161C100014173C /* Base */ = {isa = PBXFileReference; lastKnownFileType = file.xib; name = Base; path = Base.lproj/MainWindow.xib; sourceTree = "<group>"; };
		103A169A20161D3F0014173C /* INAppStoreWindow.m */ = {isa = PBXFileReference; fileEncoding = 4; lastKnownFileType = sourcecode.c.objc; name = INAppStoreWindow.m; path = AudioDRM/INAppStoreWindow/INAppStoreWindow.m; sourceTree = SOURCE_ROOT; };
		103A169B20161D3F0014173C /* INAppStoreWindowCompatibility.h */ = {isa = PBXFileReference; fileEncoding = 4; lastKnownFileType = sourcecode.c.h; name = INAppStoreWindowCompatibility.h; path = AudioDRM/INAppStoreWindow/INAppStoreWindowCompatibility.h; sourceTree = SOURCE_ROOT; };
		103A169C20161D3F0014173C /* INAppStoreWindow.h */ = {isa = PBXFileReference; fileEncoding = 4; lastKnownFileType = sourcecode.c.h; name = INAppStoreWindow.h; path = AudioDRM/INAppStoreWindow/INAppStoreWindow.h; sourceTree = SOURCE_ROOT; };
		103A169D20161D3F0014173C /* INWindowButton.h */ = {isa = PBXFileReference; fileEncoding = 4; lastKnownFileType = sourcecode.c.h; name = INWindowButton.h; path = AudioDRM/INAppStoreWindow/INWindowButton.h; sourceTree = SOURCE_ROOT; };
		103A169E20161D3F0014173C /* INWindowButton.m */ = {isa = PBXFileReference; fileEncoding = 4; lastKnownFileType = sourcecode.c.objc; name = INWindowButton.m; path = AudioDRM/INAppStoreWindow/INWindowButton.m; sourceTree = SOURCE_ROOT; };
		1042685F2019B1E60020443F /* Base */ = {isa = PBXFileReference; lastKnownFileType = file.xib; name = Base; path = Base.lproj/HistoryWindow.xib; sourceTree = "<group>"; };
		104268622019B44A0020443F /* Base */ = {isa = PBXFileReference; lastKnownFileType = file.xib; name = Base; path = Base.lproj/HistoryItem.xib; sourceTree = "<group>"; };
		1047E7AD2052667500F7F87A /* en */ = {isa = PBXFileReference; lastKnownFileType = text.plist.strings; name = en; path = en.lproj/HistoryWindow.strings; sourceTree = "<group>"; };
		1047E7AE2052667500F7F87A /* en */ = {isa = PBXFileReference; lastKnownFileType = text.plist.strings; name = en; path = en.lproj/HistoryItem.strings; sourceTree = "<group>"; };
		1047E7AF2052667500F7F87A /* en */ = {isa = PBXFileReference; lastKnownFileType = text.plist.strings; name = en; path = en.lproj/ITunesAddWindow.strings; sourceTree = "<group>"; };
		1047E7B02052667500F7F87A /* en */ = {isa = PBXFileReference; lastKnownFileType = text.plist.strings; name = en; path = en.lproj/PreferenceWindow.strings; sourceTree = "<group>"; };
		1047E7B12052667500F7F87A /* en */ = {isa = PBXFileReference; lastKnownFileType = text.plist.strings; name = en; path = en.lproj/ProgressWindow.strings; sourceTree = "<group>"; };
		1047E7B2205266AB00F7F87A /* da */ = {isa = PBXFileReference; lastKnownFileType = text.plist.strings; name = da; path = da.lproj/MainWindow.strings; sourceTree = "<group>"; };
		1047E7B3205266AB00F7F87A /* da */ = {isa = PBXFileReference; lastKnownFileType = text.plist.strings; name = da; path = da.lproj/HistoryWindow.strings; sourceTree = "<group>"; };
		1047E7B4205266AB00F7F87A /* da */ = {isa = PBXFileReference; lastKnownFileType = text.plist.strings; name = da; path = da.lproj/HistoryItem.strings; sourceTree = "<group>"; };
		1047E7B5205266AC00F7F87A /* da */ = {isa = PBXFileReference; lastKnownFileType = text.plist.strings; name = da; path = da.lproj/ITunesAddWindow.strings; sourceTree = "<group>"; };
		1047E7B6205266AC00F7F87A /* da */ = {isa = PBXFileReference; lastKnownFileType = text.plist.strings; name = da; path = da.lproj/PreferenceWindow.strings; sourceTree = "<group>"; };
		1047E7B7205266AC00F7F87A /* da */ = {isa = PBXFileReference; lastKnownFileType = text.plist.strings; name = da; path = da.lproj/ProgressWindow.strings; sourceTree = "<group>"; };
		1047E7B8205266B400F7F87A /* de */ = {isa = PBXFileReference; lastKnownFileType = text.plist.strings; name = de; path = de.lproj/MainWindow.strings; sourceTree = "<group>"; };
		1047E7B9205266B400F7F87A /* de */ = {isa = PBXFileReference; lastKnownFileType = text.plist.strings; name = de; path = de.lproj/HistoryWindow.strings; sourceTree = "<group>"; };
		1047E7BA205266B400F7F87A /* de */ = {isa = PBXFileReference; lastKnownFileType = text.plist.strings; name = de; path = de.lproj/HistoryItem.strings; sourceTree = "<group>"; };
		1047E7BB205266B400F7F87A /* de */ = {isa = PBXFileReference; lastKnownFileType = text.plist.strings; name = de; path = de.lproj/ITunesAddWindow.strings; sourceTree = "<group>"; };
		1047E7BC205266B400F7F87A /* de */ = {isa = PBXFileReference; lastKnownFileType = text.plist.strings; name = de; path = de.lproj/PreferenceWindow.strings; sourceTree = "<group>"; };
		1047E7BD205266B400F7F87A /* de */ = {isa = PBXFileReference; lastKnownFileType = text.plist.strings; name = de; path = de.lproj/ProgressWindow.strings; sourceTree = "<group>"; };
		1047E7BE205266CE00F7F87A /* es */ = {isa = PBXFileReference; lastKnownFileType = text.plist.strings; name = es; path = es.lproj/MainWindow.strings; sourceTree = "<group>"; };
		1047E7BF205266CE00F7F87A /* es */ = {isa = PBXFileReference; lastKnownFileType = text.plist.strings; name = es; path = es.lproj/HistoryWindow.strings; sourceTree = "<group>"; };
		1047E7C0205266CE00F7F87A /* es */ = {isa = PBXFileReference; lastKnownFileType = text.plist.strings; name = es; path = es.lproj/HistoryItem.strings; sourceTree = "<group>"; };
		1047E7C1205266CE00F7F87A /* es */ = {isa = PBXFileReference; lastKnownFileType = text.plist.strings; name = es; path = es.lproj/ITunesAddWindow.strings; sourceTree = "<group>"; };
		1047E7C2205266CE00F7F87A /* es */ = {isa = PBXFileReference; lastKnownFileType = text.plist.strings; name = es; path = es.lproj/PreferenceWindow.strings; sourceTree = "<group>"; };
		1047E7C3205266CF00F7F87A /* es */ = {isa = PBXFileReference; lastKnownFileType = text.plist.strings; name = es; path = es.lproj/ProgressWindow.strings; sourceTree = "<group>"; };
		1047E7C4205266EC00F7F87A /* fr */ = {isa = PBXFileReference; lastKnownFileType = text.plist.strings; name = fr; path = fr.lproj/MainWindow.strings; sourceTree = "<group>"; };
		1047E7C5205266EC00F7F87A /* fr */ = {isa = PBXFileReference; lastKnownFileType = text.plist.strings; name = fr; path = fr.lproj/HistoryWindow.strings; sourceTree = "<group>"; };
		1047E7C6205266EC00F7F87A /* fr */ = {isa = PBXFileReference; lastKnownFileType = text.plist.strings; name = fr; path = fr.lproj/HistoryItem.strings; sourceTree = "<group>"; };
		1047E7C7205266EC00F7F87A /* fr */ = {isa = PBXFileReference; lastKnownFileType = text.plist.strings; name = fr; path = fr.lproj/ITunesAddWindow.strings; sourceTree = "<group>"; };
		1047E7C8205266EC00F7F87A /* fr */ = {isa = PBXFileReference; lastKnownFileType = text.plist.strings; name = fr; path = fr.lproj/PreferenceWindow.strings; sourceTree = "<group>"; };
		1047E7C9205266EC00F7F87A /* fr */ = {isa = PBXFileReference; lastKnownFileType = text.plist.strings; name = fr; path = fr.lproj/ProgressWindow.strings; sourceTree = "<group>"; };
		1047E7CA2052670200F7F87A /* it */ = {isa = PBXFileReference; lastKnownFileType = text.plist.strings; name = it; path = it.lproj/MainWindow.strings; sourceTree = "<group>"; };
		1047E7CB2052670300F7F87A /* it */ = {isa = PBXFileReference; lastKnownFileType = text.plist.strings; name = it; path = it.lproj/HistoryWindow.strings; sourceTree = "<group>"; };
		1047E7CC2052670300F7F87A /* it */ = {isa = PBXFileReference; lastKnownFileType = text.plist.strings; name = it; path = it.lproj/HistoryItem.strings; sourceTree = "<group>"; };
		1047E7CD2052670300F7F87A /* it */ = {isa = PBXFileReference; lastKnownFileType = text.plist.strings; name = it; path = it.lproj/ITunesAddWindow.strings; sourceTree = "<group>"; };
		1047E7CE2052670300F7F87A /* it */ = {isa = PBXFileReference; lastKnownFileType = text.plist.strings; name = it; path = it.lproj/PreferenceWindow.strings; sourceTree = "<group>"; };
		1047E7CF2052670300F7F87A /* it */ = {isa = PBXFileReference; lastKnownFileType = text.plist.strings; name = it; path = it.lproj/ProgressWindow.strings; sourceTree = "<group>"; };
		1047E7D02052670F00F7F87A /* ja */ = {isa = PBXFileReference; lastKnownFileType = text.plist.strings; name = ja; path = ja.lproj/MainWindow.strings; sourceTree = "<group>"; };
		1047E7D12052670F00F7F87A /* ja */ = {isa = PBXFileReference; lastKnownFileType = text.plist.strings; name = ja; path = ja.lproj/HistoryWindow.strings; sourceTree = "<group>"; };
		1047E7D22052670F00F7F87A /* ja */ = {isa = PBXFileReference; lastKnownFileType = text.plist.strings; name = ja; path = ja.lproj/HistoryItem.strings; sourceTree = "<group>"; };
		1047E7D32052670F00F7F87A /* ja */ = {isa = PBXFileReference; lastKnownFileType = text.plist.strings; name = ja; path = ja.lproj/ITunesAddWindow.strings; sourceTree = "<group>"; };
		1047E7D42052670F00F7F87A /* ja */ = {isa = PBXFileReference; lastKnownFileType = text.plist.strings; name = ja; path = ja.lproj/PreferenceWindow.strings; sourceTree = "<group>"; };
		1047E7D52052670F00F7F87A /* ja */ = {isa = PBXFileReference; lastKnownFileType = text.plist.strings; name = ja; path = ja.lproj/ProgressWindow.strings; sourceTree = "<group>"; };
		1047E7D62052671900F7F87A /* nl */ = {isa = PBXFileReference; lastKnownFileType = text.plist.strings; name = nl; path = nl.lproj/MainWindow.strings; sourceTree = "<group>"; };
		1047E7D72052671900F7F87A /* nl */ = {isa = PBXFileReference; lastKnownFileType = text.plist.strings; name = nl; path = nl.lproj/HistoryWindow.strings; sourceTree = "<group>"; };
		1047E7D82052671900F7F87A /* nl */ = {isa = PBXFileReference; lastKnownFileType = text.plist.strings; name = nl; path = nl.lproj/HistoryItem.strings; sourceTree = "<group>"; };
		1047E7D92052671900F7F87A /* nl */ = {isa = PBXFileReference; lastKnownFileType = text.plist.strings; name = nl; path = nl.lproj/ITunesAddWindow.strings; sourceTree = "<group>"; };
		1047E7DA2052671900F7F87A /* nl */ = {isa = PBXFileReference; lastKnownFileType = text.plist.strings; name = nl; path = nl.lproj/PreferenceWindow.strings; sourceTree = "<group>"; };
		1047E7DB2052671900F7F87A /* nl */ = {isa = PBXFileReference; lastKnownFileType = text.plist.strings; name = nl; path = nl.lproj/ProgressWindow.strings; sourceTree = "<group>"; };
		1047E7DC2052674200F7F87A /* pl */ = {isa = PBXFileReference; lastKnownFileType = text.plist.strings; name = pl; path = pl.lproj/MainWindow.strings; sourceTree = "<group>"; };
		1047E7DD2052674200F7F87A /* pl */ = {isa = PBXFileReference; lastKnownFileType = text.plist.strings; name = pl; path = pl.lproj/HistoryWindow.strings; sourceTree = "<group>"; };
		1047E7DE2052674200F7F87A /* pl */ = {isa = PBXFileReference; lastKnownFileType = text.plist.strings; name = pl; path = pl.lproj/HistoryItem.strings; sourceTree = "<group>"; };
		1047E7DF2052674200F7F87A /* pl */ = {isa = PBXFileReference; lastKnownFileType = text.plist.strings; name = pl; path = pl.lproj/ITunesAddWindow.strings; sourceTree = "<group>"; };
		1047E7E02052674200F7F87A /* pl */ = {isa = PBXFileReference; lastKnownFileType = text.plist.strings; name = pl; path = pl.lproj/PreferenceWindow.strings; sourceTree = "<group>"; };
		1047E7E12052674200F7F87A /* pl */ = {isa = PBXFileReference; lastKnownFileType = text.plist.strings; name = pl; path = pl.lproj/ProgressWindow.strings; sourceTree = "<group>"; };
		1047E7E22052675500F7F87A /* pt-BR */ = {isa = PBXFileReference; lastKnownFileType = text.plist.strings; name = "pt-BR"; path = "pt-BR.lproj/MainWindow.strings"; sourceTree = "<group>"; };
		1047E7E32052675500F7F87A /* pt-BR */ = {isa = PBXFileReference; lastKnownFileType = text.plist.strings; name = "pt-BR"; path = "pt-BR.lproj/HistoryWindow.strings"; sourceTree = "<group>"; };
		1047E7E42052675500F7F87A /* pt-BR */ = {isa = PBXFileReference; lastKnownFileType = text.plist.strings; name = "pt-BR"; path = "pt-BR.lproj/HistoryItem.strings"; sourceTree = "<group>"; };
		1047E7E52052675500F7F87A /* pt-BR */ = {isa = PBXFileReference; lastKnownFileType = text.plist.strings; name = "pt-BR"; path = "pt-BR.lproj/ITunesAddWindow.strings"; sourceTree = "<group>"; };
		1047E7E62052675500F7F87A /* pt-BR */ = {isa = PBXFileReference; lastKnownFileType = text.plist.strings; name = "pt-BR"; path = "pt-BR.lproj/PreferenceWindow.strings"; sourceTree = "<group>"; };
		1047E7E72052675600F7F87A /* pt-BR */ = {isa = PBXFileReference; lastKnownFileType = text.plist.strings; name = "pt-BR"; path = "pt-BR.lproj/ProgressWindow.strings"; sourceTree = "<group>"; };
		1047E7E82052675F00F7F87A /* zh-Hans */ = {isa = PBXFileReference; lastKnownFileType = text.plist.strings; name = "zh-Hans"; path = "zh-Hans.lproj/MainWindow.strings"; sourceTree = "<group>"; };
		1047E7E92052676000F7F87A /* zh-Hans */ = {isa = PBXFileReference; lastKnownFileType = text.plist.strings; name = "zh-Hans"; path = "zh-Hans.lproj/HistoryWindow.strings"; sourceTree = "<group>"; };
		1047E7EA2052676000F7F87A /* zh-Hans */ = {isa = PBXFileReference; lastKnownFileType = text.plist.strings; name = "zh-Hans"; path = "zh-Hans.lproj/HistoryItem.strings"; sourceTree = "<group>"; };
		1047E7EB2052676000F7F87A /* zh-Hans */ = {isa = PBXFileReference; lastKnownFileType = text.plist.strings; name = "zh-Hans"; path = "zh-Hans.lproj/ITunesAddWindow.strings"; sourceTree = "<group>"; };
		1047E7EC2052676000F7F87A /* zh-Hans */ = {isa = PBXFileReference; lastKnownFileType = text.plist.strings; name = "zh-Hans"; path = "zh-Hans.lproj/PreferenceWindow.strings"; sourceTree = "<group>"; };
		1047E7ED2052676000F7F87A /* zh-Hans */ = {isa = PBXFileReference; lastKnownFileType = text.plist.strings; name = "zh-Hans"; path = "zh-Hans.lproj/ProgressWindow.strings"; sourceTree = "<group>"; };
		1047E7EE2052676700F7F87A /* zh-Hant */ = {isa = PBXFileReference; lastKnownFileType = text.plist.strings; name = "zh-Hant"; path = "zh-Hant.lproj/MainWindow.strings"; sourceTree = "<group>"; };
		1047E7EF2052676700F7F87A /* zh-Hant */ = {isa = PBXFileReference; lastKnownFileType = text.plist.strings; name = "zh-Hant"; path = "zh-Hant.lproj/HistoryWindow.strings"; sourceTree = "<group>"; };
		1047E7F02052676700F7F87A /* zh-Hant */ = {isa = PBXFileReference; lastKnownFileType = text.plist.strings; name = "zh-Hant"; path = "zh-Hant.lproj/HistoryItem.strings"; sourceTree = "<group>"; };
		1047E7F12052676700F7F87A /* zh-Hant */ = {isa = PBXFileReference; lastKnownFileType = text.plist.strings; name = "zh-Hant"; path = "zh-Hant.lproj/ITunesAddWindow.strings"; sourceTree = "<group>"; };
		1047E7F22052676800F7F87A /* zh-Hant */ = {isa = PBXFileReference; lastKnownFileType = text.plist.strings; name = "zh-Hant"; path = "zh-Hant.lproj/PreferenceWindow.strings"; sourceTree = "<group>"; };
		1047E7F32052676800F7F87A /* zh-Hant */ = {isa = PBXFileReference; lastKnownFileType = text.plist.strings; name = "zh-Hant"; path = "zh-Hant.lproj/ProgressWindow.strings"; sourceTree = "<group>"; };
		1047E7F42052678000F7F87A /* en */ = {isa = PBXFileReference; lastKnownFileType = text.rtf; name = en; path = AudioDRM/en.lproj/Credits.rtf; sourceTree = "<group>"; };
		1047E7F52052678200F7F87A /* da */ = {isa = PBXFileReference; lastKnownFileType = text.rtf; name = da; path = AudioDRM/da.lproj/Credits.rtf; sourceTree = "<group>"; };
		1047E7F62052678300F7F87A /* de */ = {isa = PBXFileReference; lastKnownFileType = text.rtf; name = de; path = AudioDRM/de.lproj/Credits.rtf; sourceTree = "<group>"; };
		1047E7F72052678500F7F87A /* es */ = {isa = PBXFileReference; lastKnownFileType = text.rtf; name = es; path = AudioDRM/es.lproj/Credits.rtf; sourceTree = "<group>"; };
		1047E7F82052678700F7F87A /* fr */ = {isa = PBXFileReference; lastKnownFileType = text.rtf; name = fr; path = AudioDRM/fr.lproj/Credits.rtf; sourceTree = "<group>"; };
		1047E7F92052678B00F7F87A /* it */ = {isa = PBXFileReference; lastKnownFileType = text.rtf; name = it; path = AudioDRM/it.lproj/Credits.rtf; sourceTree = "<group>"; };
		1047E7FA2052678C00F7F87A /* ja */ = {isa = PBXFileReference; lastKnownFileType = text.rtf; name = ja; path = AudioDRM/ja.lproj/Credits.rtf; sourceTree = "<group>"; };
		1047E7FB2052678F00F7F87A /* nl */ = {isa = PBXFileReference; lastKnownFileType = text.rtf; name = nl; path = AudioDRM/nl.lproj/Credits.rtf; sourceTree = "<group>"; };
		1047E7FC2052679100F7F87A /* pl */ = {isa = PBXFileReference; lastKnownFileType = text.rtf; name = pl; path = AudioDRM/pl.lproj/Credits.rtf; sourceTree = "<group>"; };
		1047E7FD2052679300F7F87A /* pt-BR */ = {isa = PBXFileReference; lastKnownFileType = text.rtf; name = "pt-BR"; path = "AudioDRM/pt-BR.lproj/Credits.rtf"; sourceTree = "<group>"; };
		1047E7FE2052679400F7F87A /* zh-Hans */ = {isa = PBXFileReference; lastKnownFileType = text.rtf; name = "zh-Hans"; path = "AudioDRM/zh-Hans.lproj/Credits.rtf"; sourceTree = "<group>"; };
		1047E7FF2052679600F7F87A /* zh-Hant */ = {isa = PBXFileReference; lastKnownFileType = text.rtf; name = "zh-Hant"; path = "AudioDRM/zh-Hant.lproj/Credits.rtf"; sourceTree = "<group>"; };
		1047E8002052679E00F7F87A /* en */ = {isa = PBXFileReference; lastKnownFileType = text.plist.strings; name = en; path = AudioDRM/en.lproj/Localizable.strings; sourceTree = "<group>"; };
		1047E8012052679F00F7F87A /* da */ = {isa = PBXFileReference; lastKnownFileType = text.plist.strings; name = da; path = AudioDRM/da.lproj/Localizable.strings; sourceTree = "<group>"; };
		1047E802205267A000F7F87A /* de */ = {isa = PBXFileReference; lastKnownFileType = text.plist.strings; name = de; path = AudioDRM/de.lproj/Localizable.strings; sourceTree = "<group>"; };
		1047E803205267A200F7F87A /* es */ = {isa = PBXFileReference; lastKnownFileType = text.plist.strings; name = es; path = AudioDRM/es.lproj/Localizable.strings; sourceTree = "<group>"; };
		1047E804205267A300F7F87A /* fr */ = {isa = PBXFileReference; lastKnownFileType = text.plist.strings; name = fr; path = AudioDRM/fr.lproj/Localizable.strings; sourceTree = "<group>"; };
		1047E805205267A400F7F87A /* it */ = {isa = PBXFileReference; lastKnownFileType = text.plist.strings; name = it; path = AudioDRM/it.lproj/Localizable.strings; sourceTree = "<group>"; };
		1047E806205267A500F7F87A /* ja */ = {isa = PBXFileReference; lastKnownFileType = text.plist.strings; name = ja; path = AudioDRM/ja.lproj/Localizable.strings; sourceTree = "<group>"; };
		1047E807205267A600F7F87A /* nl */ = {isa = PBXFileReference; lastKnownFileType = text.plist.strings; name = nl; path = AudioDRM/nl.lproj/Localizable.strings; sourceTree = "<group>"; };
		1047E808205267A700F7F87A /* pl */ = {isa = PBXFileReference; lastKnownFileType = text.plist.strings; name = pl; path = AudioDRM/pl.lproj/Localizable.strings; sourceTree = "<group>"; };
		1047E809205267A800F7F87A /* pt-BR */ = {isa = PBXFileReference; lastKnownFileType = text.plist.strings; name = "pt-BR"; path = "AudioDRM/pt-BR.lproj/Localizable.strings"; sourceTree = "<group>"; };
		1047E80A205267A900F7F87A /* zh-Hans */ = {isa = PBXFileReference; lastKnownFileType = text.plist.strings; name = "zh-Hans"; path = "AudioDRM/zh-Hans.lproj/Localizable.strings"; sourceTree = "<group>"; };
		1047E80B205267AA00F7F87A /* zh-Hant */ = {isa = PBXFileReference; lastKnownFileType = text.plist.strings; name = "zh-Hant"; path = "AudioDRM/zh-Hant.lproj/Localizable.strings"; sourceTree = "<group>"; };
		10577BC62051330F00933023 /* ProductionAuthentication.framework */ = {isa = PBXFileReference; explicitFileType = wrapper.framework; path = ProductionAuthentication.framework; sourceTree = BUILT_PRODUCTS_DIR; };
		10577BCA20522A1700933023 /* Base */ = {isa = PBXFileReference; lastKnownFileType = text.plist.strings; name = Base; path = AudioDRM/Base.lproj/Localizable.strings; sourceTree = "<group>"; };
		10577BDC205250C900933023 /* Base */ = {isa = PBXFileReference; lastKnownFileType = text.rtf; name = Base; path = AudioDRM/Base.lproj/Credits.rtf; sourceTree = "<group>"; };
		1082E0292016EB0A0068BC12 /* HistoryWindowController.h */ = {isa = PBXFileReference; lastKnownFileType = sourcecode.c.h; path = HistoryWindowController.h; sourceTree = "<group>"; };
		1082E02A2016EB0A0068BC12 /* HistoryWindowController.m */ = {isa = PBXFileReference; lastKnownFileType = sourcecode.c.objc; path = HistoryWindowController.m; sourceTree = "<group>"; };
		10927C2D205FF62A00307F82 /* ITunesSettingGuideWindowController.m */ = {isa = PBXFileReference; fileEncoding = 4; lastKnownFileType = sourcecode.c.objc; path = ITunesSettingGuideWindowController.m; sourceTree = "<group>"; };
		10927C2E205FF62A00307F82 /* ITunesSettingGuideWindowController.h */ = {isa = PBXFileReference; fileEncoding = 4; lastKnownFileType = sourcecode.c.h; path = ITunesSettingGuideWindowController.h; sourceTree = "<group>"; };
		1095CF132010E82100D0EEAE /* removeHistory@2x.png */ = {isa = PBXFileReference; lastKnownFileType = image.png; name = "removeHistory@2x.png"; path = "res/removeHistory@2x.png"; sourceTree = "<group>"; };
		1095CF142010E82100D0EEAE /* setting@2x.png */ = {isa = PBXFileReference; lastKnownFileType = image.png; name = "setting@2x.png"; path = "res/setting@2x.png"; sourceTree = "<group>"; };
		1095CF152010E82100D0EEAE /* buy_hover@2x.png */ = {isa = PBXFileReference; lastKnownFileType = image.png; name = "buy_hover@2x.png"; path = "res/buy_hover@2x.png"; sourceTree = "<group>"; };
		1095CF162010E82100D0EEAE /* setting_hover@2x.png */ = {isa = PBXFileReference; lastKnownFileType = image.png; name = "setting_hover@2x.png"; path = "res/setting_hover@2x.png"; sourceTree = "<group>"; };
		1095CF172010E82100D0EEAE /* openHistory@2x.png */ = {isa = PBXFileReference; lastKnownFileType = image.png; name = "openHistory@2x.png"; path = "res/openHistory@2x.png"; sourceTree = "<group>"; };
		1095CF182010E82100D0EEAE /* add@2x.png */ = {isa = PBXFileReference; lastKnownFileType = image.png; name = "add@2x.png"; path = "res/add@2x.png"; sourceTree = "<group>"; };
		1095CF192010E82100D0EEAE /* welcome.png */ = {isa = PBXFileReference; lastKnownFileType = image.png; name = welcome.png; path = res/welcome.png; sourceTree = "<group>"; };
		1095CF1C2010E82100D0EEAE /* add_hover@2x.png */ = {isa = PBXFileReference; lastKnownFileType = image.png; name = "add_hover@2x.png"; path = "res/add_hover@2x.png"; sourceTree = "<group>"; };
		1095CF1E2010E82200D0EEAE /* itunesu@2x.png */ = {isa = PBXFileReference; lastKnownFileType = image.png; name = "itunesu@2x.png"; path = "res/itunesu@2x.png"; sourceTree = "<group>"; };
		1095CF1F2010E82200D0EEAE /* convert@2x.png */ = {isa = PBXFileReference; lastKnownFileType = image.png; name = "convert@2x.png"; path = "res/convert@2x.png"; sourceTree = "<group>"; };
		1095CF202010E82200D0EEAE /* removeHistory_hover@2x.png */ = {isa = PBXFileReference; lastKnownFileType = image.png; name = "removeHistory_hover@2x.png"; path = "res/removeHistory_hover@2x.png"; sourceTree = "<group>"; };
		1095CF212010E82200D0EEAE /* buy@2x.png */ = {isa = PBXFileReference; lastKnownFileType = image.png; name = "buy@2x.png"; path = "res/buy@2x.png"; sourceTree = "<group>"; };
		1095CF222010E82200D0EEAE /* smartplaylist@2x.png */ = {isa = PBXFileReference; lastKnownFileType = image.png; name = "smartplaylist@2x.png"; path = "res/smartplaylist@2x.png"; sourceTree = "<group>"; };
		1095CF232010E82200D0EEAE /* audiobook@2x.png */ = {isa = PBXFileReference; lastKnownFileType = image.png; name = "audiobook@2x.png"; path = "res/audiobook@2x.png"; sourceTree = "<group>"; };
		1095CF242010E82200D0EEAE /* delete@2x.png */ = {isa = PBXFileReference; lastKnownFileType = image.png; name = "delete@2x.png"; path = "res/delete@2x.png"; sourceTree = "<group>"; };
		1095CF252010E82200D0EEAE /* history@2x.png */ = {isa = PBXFileReference; lastKnownFileType = image.png; name = "history@2x.png"; path = "res/history@2x.png"; sourceTree = "<group>"; };
		1095CF262010E82200D0EEAE /* historyGuide@2x.png */ = {isa = PBXFileReference; lastKnownFileType = image.png; name = "historyGuide@2x.png"; path = "res/historyGuide@2x.png"; sourceTree = "<group>"; };
		1095CF272010E82200D0EEAE /* music@2x.png */ = {isa = PBXFileReference; lastKnownFileType = image.png; name = "music@2x.png"; path = "res/music@2x.png"; sourceTree = "<group>"; };
		1095CF282010E82300D0EEAE /* openHistory_hover@2x.png */ = {isa = PBXFileReference; lastKnownFileType = image.png; name = "openHistory_hover@2x.png"; path = "res/openHistory_hover@2x.png"; sourceTree = "<group>"; };
		1095CF292010E82300D0EEAE /* playlist@2x.png */ = {isa = PBXFileReference; lastKnownFileType = image.png; name = "playlist@2x.png"; path = "res/playlist@2x.png"; sourceTree = "<group>"; };
		1095CF2A2010E82300D0EEAE /* delete_hover@2x.png */ = {isa = PBXFileReference; lastKnownFileType = image.png; name = "delete_hover@2x.png"; path = "res/delete_hover@2x.png"; sourceTree = "<group>"; };
		1095CF2B2010E82300D0EEAE /* ShareXMLiTunesLibrary.tiff */ = {isa = PBXFileReference; lastKnownFileType = image.tiff; name = ShareXMLiTunesLibrary.tiff; path = res/ShareXMLiTunesLibrary.tiff; sourceTree = "<group>"; };
		1095CF2C2010E82300D0EEAE /* playlistGuide@2x.png */ = {isa = PBXFileReference; lastKnownFileType = image.png; name = "playlistGuide@2x.png"; path = "res/playlistGuide@2x.png"; sourceTree = "<group>"; };
		1095CF2D2010E82300D0EEAE /* history_hover@2x.png */ = {isa = PBXFileReference; lastKnownFileType = image.png; name = "history_hover@2x.png"; path = "res/history_hover@2x.png"; sourceTree = "<group>"; };
		10A2DFCA20F63CA400BDAA61 /* dmg-background.png */ = {isa = PBXFileReference; lastKnownFileType = image.png; name = "dmg-background.png"; path = "distribution/dmg-background.png"; sourceTree = "<group>"; };
		10A2DFCB20F63CA400BDAA61 /* audioDRM.icns */ = {isa = PBXFileReference; lastKnownFileType = image.icns; name = audioDRM.icns; path = distribution/audioDRM.icns; sourceTree = "<group>"; };
		10A2DFCC20F63CA400BDAA61 /* create_dmg.sh */ = {isa = PBXFileReference; fileEncoding = 4; lastKnownFileType = text.script.sh; name = create_dmg.sh; path = distribution/create_dmg.sh; sourceTree = "<group>"; };
		10AEAC161FAF08980093B5C7 /* CoreAudio.framework */ = {isa = PBXFileReference; lastKnownFileType = wrapper.framework; name = CoreAudio.framework; path = System/Library/Frameworks/CoreAudio.framework; sourceTree = SDKROOT; };
		10B8F58020F22389000BB0FC /* dsa_pub.pem */ = {isa = PBXFileReference; fileEncoding = 4; lastKnownFileType = text; name = dsa_pub.pem; path = res/dsa_pub.pem; sourceTree = "<group>"; };
		10C08CFC20283F3E004FE770 /* DecryptCore.framework */ = {isa = PBXFileReference; explicitFileType = wrapper.framework; path = DecryptCore.framework; sourceTree = BUILT_PRODUCTS_DIR; };
		10C287B6205E74EF00C49B76 /* en */ = {isa = PBXFileReference; lastKnownFileType = text.plist.strings; name = en; path = en.lproj/MainWindow.strings; sourceTree = "<group>"; };
		10CCF22C1FE4F84C003AD44F /* FireFury iTunes DRM Audio Converter.app */ = {isa = PBXFileReference; explicitFileType = wrapper.application; includeInIndex = 0; path = "FireFury iTunes DRM Audio Converter.app"; sourceTree = BUILT_PRODUCTS_DIR; };
		10CCF22E1FE4F84C003AD44F /* AppDelegate.h */ = {isa = PBXFileReference; lastKnownFileType = sourcecode.c.h; path = AppDelegate.h; sourceTree = "<group>"; };
		10CCF22F1FE4F84C003AD44F /* AppDelegate.m */ = {isa = PBXFileReference; lastKnownFileType = sourcecode.c.objc; path = AppDelegate.m; sourceTree = "<group>"; };
		10CCF2341FE4F84C003AD44F /* Assets.xcassets */ = {isa = PBXFileReference; lastKnownFileType = folder.assetcatalog; path = Assets.xcassets; sourceTree = "<group>"; };
		10CCF2391FE4F84C003AD44F /* Info.plist */ = {isa = PBXFileReference; lastKnownFileType = text.plist.xml; path = Info.plist; sourceTree = "<group>"; };
		10CCF23A1FE4F84C003AD44F /* main.m */ = {isa = PBXFileReference; lastKnownFileType = sourcecode.c.objc; path = main.m; sourceTree = "<group>"; };
		10CCF23C1FE4F84C003AD44F /* AudioDRM.entitlements */ = {isa = PBXFileReference; lastKnownFileType = text.plist.entitlements; path = AudioDRM.entitlements; sourceTree = "<group>"; };
		10CCF2451FE4F84C003AD44F /* AudioDRMTests.m */ = {isa = PBXFileReference; lastKnownFileType = sourcecode.c.objc; path = AudioDRMTests.m; sourceTree = "<group>"; };
		10CCF2471FE4F84C003AD44F /* Info.plist */ = {isa = PBXFileReference; lastKnownFileType = text.plist.xml; path = Info.plist; sourceTree = "<group>"; };
		10CCF2501FE4F84C003AD44F /* AudioDRMUITests.m */ = {isa = PBXFileReference; lastKnownFileType = sourcecode.c.objc; path = AudioDRMUITests.m; sourceTree = "<group>"; };
		10CCF2521FE4F84C003AD44F /* Info.plist */ = {isa = PBXFileReference; lastKnownFileType = text.plist.xml; path = Info.plist; sourceTree = "<group>"; };
		10CE68FB1FE3AD6200EEB240 /* IOKit.framework */ = {isa = PBXFileReference; lastKnownFileType = wrapper.framework; name = IOKit.framework; path = System/Library/Frameworks/IOKit.framework; sourceTree = SDKROOT; };
		10DDE27220628DE90060AFF3 /* Base */ = {isa = PBXFileReference; lastKnownFileType = file.xib; name = Base; path = Base.lproj/ITunesSettingGuideWindow.xib; sourceTree = "<group>"; };
		10DDE27520628E0E0060AFF3 /* en */ = {isa = PBXFileReference; lastKnownFileType = text.plist.strings; name = en; path = en.lproj/ITunesSettingGuideWindow.strings; sourceTree = "<group>"; };
		10DDE27720628E0F0060AFF3 /* da */ = {isa = PBXFileReference; lastKnownFileType = text.plist.strings; name = da; path = da.lproj/ITunesSettingGuideWindow.strings; sourceTree = "<group>"; };
		10DDE27920628E110060AFF3 /* de */ = {isa = PBXFileReference; lastKnownFileType = text.plist.strings; name = de; path = de.lproj/ITunesSettingGuideWindow.strings; sourceTree = "<group>"; };
		10DDE27B20628E110060AFF3 /* es */ = {isa = PBXFileReference; lastKnownFileType = text.plist.strings; name = es; path = es.lproj/ITunesSettingGuideWindow.strings; sourceTree = "<group>"; };
		10DDE27D20628E120060AFF3 /* fr */ = {isa = PBXFileReference; lastKnownFileType = text.plist.strings; name = fr; path = fr.lproj/ITunesSettingGuideWindow.strings; sourceTree = "<group>"; };
		10DDE27F20628E160060AFF3 /* it */ = {isa = PBXFileReference; lastKnownFileType = text.plist.strings; name = it; path = it.lproj/ITunesSettingGuideWindow.strings; sourceTree = "<group>"; };
		10DDE28120628E170060AFF3 /* ja */ = {isa = PBXFileReference; lastKnownFileType = text.plist.strings; name = ja; path = ja.lproj/ITunesSettingGuideWindow.strings; sourceTree = "<group>"; };
		10DDE28320628E180060AFF3 /* nl */ = {isa = PBXFileReference; lastKnownFileType = text.plist.strings; name = nl; path = nl.lproj/ITunesSettingGuideWindow.strings; sourceTree = "<group>"; };
		10DDE28520628E190060AFF3 /* pl */ = {isa = PBXFileReference; lastKnownFileType = text.plist.strings; name = pl; path = pl.lproj/ITunesSettingGuideWindow.strings; sourceTree = "<group>"; };
		10DDE28720628E1B0060AFF3 /* pt-BR */ = {isa = PBXFileReference; lastKnownFileType = text.plist.strings; name = "pt-BR"; path = "pt-BR.lproj/ITunesSettingGuideWindow.strings"; sourceTree = "<group>"; };
		10DDE28920628E1C0060AFF3 /* zh-Hans */ = {isa = PBXFileReference; lastKnownFileType = text.plist.strings; name = "zh-Hans"; path = "zh-Hans.lproj/ITunesSettingGuideWindow.strings"; sourceTree = "<group>"; };
		10DDE28B20628E1D0060AFF3 /* zh-Hant */ = {isa = PBXFileReference; lastKnownFileType = text.plist.strings; name = "zh-Hant"; path = "zh-Hant.lproj/ITunesSettingGuideWindow.strings"; sourceTree = "<group>"; };
		4E40ADFE457B7D302D3826DC /* Pods_FireFury_Audio_DRM_Removal.framework */ = {isa = PBXFileReference; explicitFileType = wrapper.framework; includeInIndex = 0; path = Pods_FireFury_Audio_DRM_Removal.framework; sourceTree = BUILT_PRODUCTS_DIR; };
		4F8685ED1F138E5700BF7953 /* AppKit.framework */ = {isa = PBXFileReference; lastKnownFileType = wrapper.framework; name = AppKit.framework; path = System/Library/Frameworks/AppKit.framework; sourceTree = SDKROOT; };
		763E4128E357DA36F999A2D8 /* Pods-FireFury Audio DRM Removal.debug.xcconfig */ = {isa = PBXFileReference; includeInIndex = 1; lastKnownFileType = text.xcconfig; name = "Pods-FireFury Audio DRM Removal.debug.xcconfig"; path = "../Pods/Target Support Files/Pods-FireFury Audio DRM Removal/Pods-FireFury Audio DRM Removal.debug.xcconfig"; sourceTree = "<group>"; };
		C09B4BE4F2FFE8A5A5CC992E /* Pods-FireFury Audio DRM Removal.release.xcconfig */ = {isa = PBXFileReference; includeInIndex = 1; lastKnownFileType = text.xcconfig; name = "Pods-FireFury Audio DRM Removal.release.xcconfig"; path = "../Pods/Target Support Files/Pods-FireFury Audio DRM Removal/Pods-FireFury Audio DRM Removal.release.xcconfig"; sourceTree = "<group>"; };
/* End PBXFileReference section */

/* Begin PBXFrameworksBuildPhase section */
		10CCF2291FE4F84C003AD44F /* Frameworks */ = {
			isa = PBXFrameworksBuildPhase;
			buildActionMask = 2147483647;
			files = (
				10CCF2601FE4F8ED003AD44F /* IOKit.framework in Frameworks */,
				10CCF2641FE4F90F003AD44F /* Security.framework in Frameworks */,
				10CCF2651FE4F910003AD44F /* AppKit.framework in Frameworks */,
				10577BC72051330F00933023 /* ProductionAuthentication.framework in Frameworks */,
				10CCF2631FE4F90D003AD44F /* CoreAudio.framework in Frameworks */,
				10C08CFD20283F3E004FE770 /* DecryptCore.framework in Frameworks */,
				A358AEA52E88E9F1C59023B1 /* Pods_FireFury_Audio_DRM_Removal.framework in Frameworks */,
			);
			runOnlyForDeploymentPostprocessing = 0;
		};
/* End PBXFrameworksBuildPhase section */

/* Begin PBXGroup section */
		103A169920161C420014173C /* INAppStoreWindow */ = {
			isa = PBXGroup;
			children = (
				103A169C20161D3F0014173C /* INAppStoreWindow.h */,
				103A169A20161D3F0014173C /* INAppStoreWindow.m */,
				103A169B20161D3F0014173C /* INAppStoreWindowCompatibility.h */,
				103A169D20161D3F0014173C /* INWindowButton.h */,
				103A169E20161D3F0014173C /* INWindowButton.m */,
			);
			name = INAppStoreWindow;
			path = "New Group";
			sourceTree = "<group>";
		};
		10A2DFC920F63A1E00BDAA61 /* distribution */ = {
			isa = PBXGroup;
			children = (
				10A2DFCB20F63CA400BDAA61 /* audioDRM.icns */,
				10A2DFCC20F63CA400BDAA61 /* create_dmg.sh */,
				10A2DFCA20F63CA400BDAA61 /* dmg-background.png */,
			);
			name = distribution;
			sourceTree = "<group>";
		};
		10AEAC091FAEF1C60093B5C7 /* res */ = {
			isa = PBXGroup;
			children = (
				10B8F58020F22389000BB0FC /* dsa_pub.pem */,
				1095CF1C2010E82100D0EEAE /* add_hover@2x.png */,
				1095CF182010E82100D0EEAE /* add@2x.png */,
				1095CF232010E82200D0EEAE /* audiobook@2x.png */,
				1095CF152010E82100D0EEAE /* buy_hover@2x.png */,
				1095CF212010E82200D0EEAE /* buy@2x.png */,
				1095CF1F2010E82200D0EEAE /* convert@2x.png */,
				1095CF2A2010E82300D0EEAE /* delete_hover@2x.png */,
				1095CF242010E82200D0EEAE /* delete@2x.png */,
				1095CF2D2010E82300D0EEAE /* history_hover@2x.png */,
				1095CF252010E82200D0EEAE /* history@2x.png */,
				1095CF262010E82200D0EEAE /* historyGuide@2x.png */,
				1095CF1E2010E82200D0EEAE /* itunesu@2x.png */,
				1095CF272010E82200D0EEAE /* music@2x.png */,
				1095CF282010E82300D0EEAE /* openHistory_hover@2x.png */,
				1095CF172010E82100D0EEAE /* openHistory@2x.png */,
				1095CF292010E82300D0EEAE /* playlist@2x.png */,
				1095CF2C2010E82300D0EEAE /* playlistGuide@2x.png */,
				1095CF202010E82200D0EEAE /* removeHistory_hover@2x.png */,
				1095CF132010E82100D0EEAE /* removeHistory@2x.png */,
				1095CF162010E82100D0EEAE /* setting_hover@2x.png */,
				1095CF142010E82100D0EEAE /* setting@2x.png */,
				1095CF2B2010E82300D0EEAE /* ShareXMLiTunesLibrary.tiff */,
				1095CF222010E82200D0EEAE /* smartplaylist@2x.png */,
				1095CF192010E82100D0EEAE /* welcome.png */,
			);
			name = res;
			sourceTree = "<group>";
		};
		10CCF22D1FE4F84C003AD44F /* AudioDRM */ = {
			isa = PBXGroup;
			children = (
				10DDE27320628DE90060AFF3 /* ITunesSettingGuideWindow.xib */,
				10927C2E205FF62A00307F82 /* ITunesSettingGuideWindowController.h */,
				10927C2D205FF62A00307F82 /* ITunesSettingGuideWindowController.m */,
				103A169920161C420014173C /* INAppStoreWindow */,
				10CCF22E1FE4F84C003AD44F /* AppDelegate.h */,
				10CCF22F1FE4F84C003AD44F /* AppDelegate.m */,
				103A167620161C000014173C /* AppController.h */,
				103A167820161C000014173C /* AppController.m */,
				103A168F20161C100014173C /* MainWindow.xib */,
				1082E0292016EB0A0068BC12 /* HistoryWindowController.h */,
				1082E02A2016EB0A0068BC12 /* HistoryWindowController.m */,
				1042685E2019B1E60020443F /* HistoryWindow.xib */,
				104268612019B44A0020443F /* HistoryItem.xib */,
				103A166F20161BFF0014173C /* ITunesAddWindowController.h */,
				103A167F20161C000014173C /* ITunesAddWindowController.m */,
				103A168B20161C100014173C /* ITunesAddWindow.xib */,
				103A167B20161C000014173C /* PreferenceWindowController.h */,
				103A167120161BFF0014173C /* PreferenceWindowController.m */,
				103A168920161C100014173C /* PreferenceWindow.xib */,
				103A167C20161C000014173C /* ProgressWindowController.h */,
				103A167420161BFF0014173C /* ProgressWindowController.m */,
				103A168D20161C100014173C /* ProgressWindow.xib */,
				103A167720161C000014173C /* BackgroundView.h */,
				103A167D20161C000014173C /* BackgroundView.m */,
				103A167E20161C000014173C /* DurationToStringTransformer.h */,
				103A167520161C000014173C /* DurationToStringTransformer.m */,
				103A167920161C000014173C /* MGuideView.h */,
				103A166E20161BFF0014173C /* MGuideView.m */,
				103A167220161BFF0014173C /* MTableView.h */,
				103A167320161BFF0014173C /* MTableView.m */,
				103A167020161BFF0014173C /* NSAlertSynchronousSheet.h */,
				103A167A20161C000014173C /* NSAlertSynchronousSheet.m */,
				10CCF2341FE4F84C003AD44F /* Assets.xcassets */,
				10CCF2391FE4F84C003AD44F /* Info.plist */,
				10CCF23A1FE4F84C003AD44F /* main.m */,
				10CCF23C1FE4F84C003AD44F /* AudioDRM.entitlements */,
				1038F43020318562005D997D /* RSVerticallyCenteredTextFieldCell.h */,
				1038F43120318562005D997D /* RSVerticallyCenteredTextFieldCell.m */,
				1008B40B204AD147006E42E1 /* SystemComm.h */,
				1008B40C204AD147006E42E1 /* SystemComm.m */,
			);
			path = AudioDRM;
			sourceTree = "<group>";
		};
		10CCF2441FE4F84C003AD44F /* AudioDRMTests */ = {
			isa = PBXGroup;
			children = (
				10CCF2451FE4F84C003AD44F /* AudioDRMTests.m */,
				10CCF2471FE4F84C003AD44F /* Info.plist */,
			);
			path = AudioDRMTests;
			sourceTree = "<group>";
		};
		10CCF24F1FE4F84C003AD44F /* AudioDRMUITests */ = {
			isa = PBXGroup;
			children = (
				10CCF2501FE4F84C003AD44F /* AudioDRMUITests.m */,
				10CCF2521FE4F84C003AD44F /* Info.plist */,
			);
			path = AudioDRMUITests;
			sourceTree = "<group>";
		};
		4F49FB4E1F04A3D6008BE799 = {
			isa = PBXGroup;
			children = (
				10A2DFC920F63A1E00BDAA61 /* distribution */,
				10577BDB205250C900933023 /* Credits.rtf */,
				10577BC920522A1700933023 /* Localizable.strings */,
				10577BC62051330F00933023 /* ProductionAuthentication.framework */,
				10C08CFC20283F3E004FE770 /* DecryptCore.framework */,
				10CCF22D1FE4F84C003AD44F /* AudioDRM */,
				10CCF2441FE4F84C003AD44F /* AudioDRMTests */,
				10CCF24F1FE4F84C003AD44F /* AudioDRMUITests */,
				4F8685EC1F138E5700BF7953 /* Frameworks */,
				4F49FB581F04A3D7008BE799 /* Products */,
				10AEAC091FAEF1C60093B5C7 /* res */,
				B65590733A56C9E4209AE34E /* Pods */,
			);
			sourceTree = "<group>";
		};
		4F49FB581F04A3D7008BE799 /* Products */ = {
			isa = PBXGroup;
			children = (
				10CCF22C1FE4F84C003AD44F /* FireFury iTunes DRM Audio Converter.app */,
			);
			name = Products;
			sourceTree = "<group>";
		};
		4F8685EC1F138E5700BF7953 /* Frameworks */ = {
			isa = PBXGroup;
			children = (
				10CE68FB1FE3AD6200EEB240 /* IOKit.framework */,
				10AEAC161FAF08980093B5C7 /* CoreAudio.framework */,
				101DC9351F6965F2002EDC64 /* Security.framework */,
				4F8685ED1F138E5700BF7953 /* AppKit.framework */,
				4E40ADFE457B7D302D3826DC /* Pods_FireFury_Audio_DRM_Removal.framework */,
			);
			name = Frameworks;
			sourceTree = "<group>";
		};
		B65590733A56C9E4209AE34E /* Pods */ = {
			isa = PBXGroup;
			children = (
				763E4128E357DA36F999A2D8 /* Pods-FireFury Audio DRM Removal.debug.xcconfig */,
				C09B4BE4F2FFE8A5A5CC992E /* Pods-FireFury Audio DRM Removal.release.xcconfig */,
			);
			name = Pods;
			sourceTree = "<group>";
		};
/* End PBXGroup section */

/* Begin PBXNativeTarget section */
		10CCF22B1FE4F84C003AD44F /* FireFury iTunes DRM Audio Converter */ = {
			isa = PBXNativeTarget;
			buildConfigurationList = 10CCF2531FE4F84C003AD44F /* Build configuration list for PBXNativeTarget "FireFury iTunes DRM Audio Converter" */;
			buildPhases = (
				69980CDB5AAC7A744007E631 /* [CP] Check Pods Manifest.lock */,
				10CCF2281FE4F84C003AD44F /* Sources */,
				10CCF2291FE4F84C003AD44F /* Frameworks */,
				10CCF22A1FE4F84C003AD44F /* Resources */,
				10C08CFF20283F3E004FE770 /* Embed Frameworks */,
				21871E45824DF5E4D1ED8196 /* [CP] Embed Pods Frameworks */,
			);
			buildRules = (
			);
			dependencies = (
			);
			name = "FireFury iTunes DRM Audio Converter";
			productName = AudioDRM;
			productReference = 10CCF22C1FE4F84C003AD44F /* FireFury iTunes DRM Audio Converter.app */;
			productType = "com.apple.product-type.application";
		};
/* End PBXNativeTarget section */

/* Begin PBXProject section */
		4F49FB4F1F04A3D6008BE799 /* Project object */ = {
			isa = PBXProject;
			attributes = {
				KnownAssetTags = (
					res,
				);
				LastUpgradeCheck = 0900;
				ORGANIZATIONNAME = TedZhang;
				TargetAttributes = {
					10A2DFC220F639C900BDAA61 = {
						CreatedOnToolsVersion = 9.3;
						ProvisioningStyle = Automatic;
					};
					10CCF22B1FE4F84C003AD44F = {
						CreatedOnToolsVersion = 9.2;
						ProvisioningStyle = Automatic;
						SystemCapabilities = {
							com.apple.Sandbox = {
								enabled = 0;
							};
						};
					};
				};
			};
			buildConfigurationList = 4F49FB521F04A3D6008BE799 /* Build configuration list for PBXProject "FireFury iTunes DRM Audio Converter" */;
			compatibilityVersion = "Xcode 8.0";
			developmentRegion = English;
			hasScannedForEncodings = 0;
			knownRegions = (
				Base,
				en,
				da,
				de,
				es,
				fr,
				it,
				ja,
				nl,
				pl,
				"pt-BR",
				"zh-Hans",
				"zh-Hant",
			);
			mainGroup = 4F49FB4E1F04A3D6008BE799;
			productRefGroup = 4F49FB581F04A3D7008BE799 /* Products */;
			projectDirPath = "";
			projectRoot = "";
			targets = (
				10CCF22B1FE4F84C003AD44F /* FireFury iTunes DRM Audio Converter */,
				10A2DFC220F639C900BDAA61 /* CreateDMG */,
			);
		};
/* End PBXProject section */

/* Begin PBXResourcesBuildPhase section */
		10CCF22A1FE4F84C003AD44F /* Resources */ = {
			isa = PBXResourcesBuildPhase;
			buildActionMask = 2147483647;
			files = (
				10B8F58120F22389000BB0FC /* dsa_pub.pem in Resources */,
				101278522016DCD30027470B /* MainWindow.xib in Resources */,
				10DDE27120628DE90060AFF3 /* ITunesSettingGuideWindow.xib in Resources */,
				101278532016DCD30027470B /* ITunesAddWindow.xib in Resources */,
				101278542016DCD30027470B /* PreferenceWindow.xib in Resources */,
				101278552016DCD30027470B /* ProgressWindow.xib in Resources */,
				1095CF2E2010E83400D0EEAE /* add_hover@2x.png in Resources */,
				1095CF2F2010E83400D0EEAE /* add@2x.png in Resources */,
				1095CF302010E83400D0EEAE /* audiobook@2x.png in Resources */,
				1095CF312010E83400D0EEAE /* buy_hover@2x.png in Resources */,
				1095CF322010E83400D0EEAE /* buy@2x.png in Resources */,
				1095CF332010E83400D0EEAE /* convert@2x.png in Resources */,
				1095CF342010E83400D0EEAE /* delete_hover@2x.png in Resources */,
				1095CF352010E83400D0EEAE /* delete@2x.png in Resources */,
				1095CF362010E83400D0EEAE /* history_hover@2x.png in Resources */,
				10577BDD205250C900933023 /* Credits.rtf in Resources */,
				1095CF372010E83400D0EEAE /* history@2x.png in Resources */,
				104268632019B44A0020443F /* HistoryItem.xib in Resources */,
				1095CF382010E83400D0EEAE /* historyGuide@2x.png in Resources */,
				1095CF392010E83400D0EEAE /* itunesu@2x.png in Resources */,
				1095CF3A2010E83400D0EEAE /* music@2x.png in Resources */,
				1095CF3B2010E83400D0EEAE /* openHistory_hover@2x.png in Resources */,
				1095CF3C2010E83400D0EEAE /* openHistory@2x.png in Resources */,
				1095CF3D2010E83400D0EEAE /* playlist@2x.png in Resources */,
				1095CF3E2010E83400D0EEAE /* playlistGuide@2x.png in Resources */,
				10577BCB20522A1700933023 /* Localizable.strings in Resources */,
				1095CF3F2010E83400D0EEAE /* removeHistory_hover@2x.png in Resources */,
				1095CF402010E83400D0EEAE /* removeHistory@2x.png in Resources */,
				1095CF412010E83400D0EEAE /* setting_hover@2x.png in Resources */,
				1095CF422010E83400D0EEAE /* setting@2x.png in Resources */,
				1095CF432010E83400D0EEAE /* ShareXMLiTunesLibrary.tiff in Resources */,
				1095CF442010E83400D0EEAE /* smartplaylist@2x.png in Resources */,
				1095CF452010E83400D0EEAE /* welcome.png in Resources */,
				104268602019B1E70020443F /* HistoryWindow.xib in Resources */,
				10CCF2351FE4F84C003AD44F /* Assets.xcassets in Resources */,
			);
			runOnlyForDeploymentPostprocessing = 0;
		};
/* End PBXResourcesBuildPhase section */

/* Begin PBXShellScriptBuildPhase section */
		10A2DFC820F639EF00BDAA61 /* ShellScript */ = {
			isa = PBXShellScriptBuildPhase;
			buildActionMask = 2147483647;
			files = (
			);
			inputPaths = (
			);
			outputPaths = (
			);
			runOnlyForDeploymentPostprocessing = 0;
			shellPath = /bin/sh;
			shellScript = "set -ex\n\nINFOPLIST_FILE=AudioDRM/info.plist\nbuildNumber=$(/usr/libexec/PlistBuddy -c \"Print CFBundleVersion\" \"${PROJECT_DIR}/${INFOPLIST_FILE}\")\nverNumber=$(/usr/libexec/PlistBuddy -c \"Print CFBundleShortVersionString\" \"${PROJECT_DIR}/${INFOPLIST_FILE}\")\n\n[ \"$ACTION\" = build ] || exit 0\n[ \"$BUILD_VARIANTS\" = \"normal\" ] || exit 0\n\ndir=\"$TEMP_FILES_DIR/disk\"\ndmg=\"$BUILT_PRODUCTS_DIR/${PROJECT_NAME}_v${verNumber}.${buildNumber}.dmg\"\n\nrm -rf \"$dir\"\nmkdir \"$dir\"\ncp -R \"$BUILT_PRODUCTS_DIR/$PROJECT_NAME.app\" \"$dir\"\n\nrm -f \"$dmg\"\n\nicon=\"$PROJECT_DIR/distribution/audioDRM.icns\"\nbackground=\"$PROJECT_DIR/distribution/dmg-background.png\"\n\n\"$PROJECT_DIR/distribution/create_dmg.sh\" \\\n--volname \"FireFury iTunes Audio DRM Converter\" \\\n--volicon \"$icon\" \\\n--background \"$background\" \\\n--window-pos 200 120 \\\n--window-size 720 326 \\\n--text-size 14 \\\n--icon-size 84 \\\n--icon \"$PROJECT_NAME.app\" 200 190 \\\n--hide-extension \"$PROJECT_NAME.app\" \\\n--app-drop-link 520 185 \\\n\"$dmg\" \\\n\"$dir\"/\n\nrm -rf \"$dir\"\n\nbuildNumber=$(($buildNumber + 1))\n/usr/libexec/PlistBuddy -c \"Set :CFBundleVersion $buildNumber\" \"${PROJECT_DIR}/${INFOPLIST_FILE}\"\n\ncp -R \"$dmg\" \"/Users/tedzhang/Library/Mobile Documents/com~apple~CloudDocs/work/1-firefury.res/release/iTunesAudioDRM\"\n\"$PROJECT_DIR/../Pods/Sparkle/bin/generate_appcast\" \\\n\"/Users/tedzhang/Library/Mobile Documents/com~apple~CloudDocs/work/1-firefury.res/FireFury product controller/SparkleDSAKey/dsa_priv.pem\" \\\n\"/Users/tedzhang/Library/Mobile Documents/com~apple~CloudDocs/work/1-firefury.res/release/iTunesAudioDRM\"\n";
		};
		21871E45824DF5E4D1ED8196 /* [CP] Embed Pods Frameworks */ = {
			isa = PBXShellScriptBuildPhase;
			buildActionMask = 2147483647;
			files = (
			);
			inputPaths = (
				"${SRCROOT}/../Pods/Target Support Files/Pods-FireFury Audio DRM Removal/Pods-FireFury Audio DRM Removal-frameworks.sh",
				"${PODS_ROOT}/Sparkle/Sparkle.framework",
				"${PODS_ROOT}/Sparkle/Sparkle.framework.dSYM",
			);
			name = "[CP] Embed Pods Frameworks";
			outputPaths = (
				"${TARGET_BUILD_DIR}/${FRAMEWORKS_FOLDER_PATH}/Sparkle.framework",
				"${DWARF_DSYM_FOLDER_PATH}/Sparkle.framework.dSYM",
			);
			runOnlyForDeploymentPostprocessing = 0;
			shellPath = /bin/sh;
			shellScript = "\"${SRCROOT}/../Pods/Target Support Files/Pods-FireFury Audio DRM Removal/Pods-FireFury Audio DRM Removal-frameworks.sh\"\n";
			showEnvVarsInLog = 0;
		};
		69980CDB5AAC7A744007E631 /* [CP] Check Pods Manifest.lock */ = {
			isa = PBXShellScriptBuildPhase;
			buildActionMask = 2147483647;
			files = (
			);
			inputPaths = (
				"${PODS_PODFILE_DIR_PATH}/Podfile.lock",
				"${PODS_ROOT}/Manifest.lock",
			);
			name = "[CP] Check Pods Manifest.lock";
			outputPaths = (
				"$(DERIVED_FILE_DIR)/Pods-FireFury Audio DRM Removal-checkManifestLockResult.txt",
			);
			runOnlyForDeploymentPostprocessing = 0;
			shellPath = /bin/sh;
			shellScript = "diff \"${PODS_PODFILE_DIR_PATH}/Podfile.lock\" \"${PODS_ROOT}/Manifest.lock\" > /dev/null\nif [ $? != 0 ] ; then\n    # print error to STDERR\n    echo \"error: The sandbox is not in sync with the Podfile.lock. Run 'pod install' or update your CocoaPods installation.\" >&2\n    exit 1\nfi\n# This output is used by Xcode 'outputs' to avoid re-running this script phase.\necho \"SUCCESS\" > \"${SCRIPT_OUTPUT_FILE_0}\"\n";
			showEnvVarsInLog = 0;
		};
/* End PBXShellScriptBuildPhase section */

/* Begin PBXSourcesBuildPhase section */
		10CCF2281FE4F84C003AD44F /* Sources */ = {
			isa = PBXSourcesBuildPhase;
			buildActionMask = 2147483647;
			files = (
				103A16A120161D940014173C /* INAppStoreWindow.m in Sources */,
				1082E02C2016EB0A0068BC12 /* HistoryWindowController.m in Sources */,
				103A16A220161D940014173C /* INWindowButton.m in Sources */,
				103A16A320161D940014173C /* AppController.m in Sources */,
				1038F43220318562005D997D /* RSVerticallyCenteredTextFieldCell.m in Sources */,
				103A16A420161D940014173C /* ITunesAddWindowController.m in Sources */,
				103A16A520161D940014173C /* PreferenceWindowController.m in Sources */,
				103A16A620161D940014173C /* ProgressWindowController.m in Sources */,
				1008B40D204AD147006E42E1 /* SystemComm.m in Sources */,
				103A16A720161D940014173C /* BackgroundView.m in Sources */,
				10927C30205FF62A00307F82 /* ITunesSettingGuideWindowController.m in Sources */,
				103A16A820161D940014173C /* DurationToStringTransformer.m in Sources */,
				103A16A920161D940014173C /* MGuideView.m in Sources */,
				103A16AA20161D940014173C /* MTableView.m in Sources */,
				103A16AB20161D940014173C /* NSAlertSynchronousSheet.m in Sources */,
				10CCF23B1FE4F84C003AD44F /* main.m in Sources */,
				10CCF2301FE4F84C003AD44F /* AppDelegate.m in Sources */,
			);
			runOnlyForDeploymentPostprocessing = 0;
		};
/* End PBXSourcesBuildPhase section */

/* Begin PBXTargetDependency section */
		10A2DFC720F639D400BDAA61 /* PBXTargetDependency */ = {
			isa = PBXTargetDependency;
			target = 10CCF22B1FE4F84C003AD44F /* FireFury iTunes DRM Audio Converter */;
			targetProxy = 10A2DFC620F639D400BDAA61 /* PBXContainerItemProxy */;
		};
/* End PBXTargetDependency section */

/* Begin PBXVariantGroup section */
		103A168920161C100014173C /* PreferenceWindow.xib */ = {
			isa = PBXVariantGroup;
			children = (
				103A168A20161C100014173C /* Base */,
				1047E7B02052667500F7F87A /* en */,
				1047E7B6205266AC00F7F87A /* da */,
				1047E7BC205266B400F7F87A /* de */,
				1047E7C2205266CE00F7F87A /* es */,
				1047E7C8205266EC00F7F87A /* fr */,
				1047E7CE2052670300F7F87A /* it */,
				1047E7D42052670F00F7F87A /* ja */,
				1047E7DA2052671900F7F87A /* nl */,
				1047E7E02052674200F7F87A /* pl */,
				1047E7E62052675500F7F87A /* pt-BR */,
				1047E7EC2052676000F7F87A /* zh-Hans */,
				1047E7F22052676800F7F87A /* zh-Hant */,
			);
			name = PreferenceWindow.xib;
			sourceTree = "<group>";
		};
		103A168B20161C100014173C /* ITunesAddWindow.xib */ = {
			isa = PBXVariantGroup;
			children = (
				103A168C20161C100014173C /* Base */,
				1047E7AF2052667500F7F87A /* en */,
				1047E7B5205266AC00F7F87A /* da */,
				1047E7BB205266B400F7F87A /* de */,
				1047E7C1205266CE00F7F87A /* es */,
				1047E7C7205266EC00F7F87A /* fr */,
				1047E7CD2052670300F7F87A /* it */,
				1047E7D32052670F00F7F87A /* ja */,
				1047E7D92052671900F7F87A /* nl */,
				1047E7DF2052674200F7F87A /* pl */,
				1047E7E52052675500F7F87A /* pt-BR */,
				1047E7EB2052676000F7F87A /* zh-Hans */,
				1047E7F12052676700F7F87A /* zh-Hant */,
			);
			name = ITunesAddWindow.xib;
			sourceTree = "<group>";
		};
		103A168D20161C100014173C /* ProgressWindow.xib */ = {
			isa = PBXVariantGroup;
			children = (
				103A168E20161C100014173C /* Base */,
				1047E7B12052667500F7F87A /* en */,
				1047E7B7205266AC00F7F87A /* da */,
				1047E7BD205266B400F7F87A /* de */,
				1047E7C3205266CF00F7F87A /* es */,
				1047E7C9205266EC00F7F87A /* fr */,
				1047E7CF2052670300F7F87A /* it */,
				1047E7D52052670F00F7F87A /* ja */,
				1047E7DB2052671900F7F87A /* nl */,
				1047E7E12052674200F7F87A /* pl */,
				1047E7E72052675600F7F87A /* pt-BR */,
				1047E7ED2052676000F7F87A /* zh-Hans */,
				1047E7F32052676800F7F87A /* zh-Hant */,
			);
			name = ProgressWindow.xib;
			sourceTree = "<group>";
		};
		103A168F20161C100014173C /* MainWindow.xib */ = {
			isa = PBXVariantGroup;
			children = (
				103A169020161C100014173C /* Base */,
				1047E7B2205266AB00F7F87A /* da */,
				1047E7B8205266B400F7F87A /* de */,
				1047E7BE205266CE00F7F87A /* es */,
				1047E7C4205266EC00F7F87A /* fr */,
				1047E7CA2052670200F7F87A /* it */,
				1047E7D02052670F00F7F87A /* ja */,
				1047E7D62052671900F7F87A /* nl */,
				1047E7DC2052674200F7F87A /* pl */,
				1047E7E22052675500F7F87A /* pt-BR */,
				1047E7E82052675F00F7F87A /* zh-Hans */,
				1047E7EE2052676700F7F87A /* zh-Hant */,
				10C287B6205E74EF00C49B76 /* en */,
			);
			name = MainWindow.xib;
			sourceTree = "<group>";
		};
		1042685E2019B1E60020443F /* HistoryWindow.xib */ = {
			isa = PBXVariantGroup;
			children = (
				1042685F2019B1E60020443F /* Base */,
				1047E7AD2052667500F7F87A /* en */,
				1047E7B3205266AB00F7F87A /* da */,
				1047E7B9205266B400F7F87A /* de */,
				1047E7BF205266CE00F7F87A /* es */,
				1047E7C5205266EC00F7F87A /* fr */,
				1047E7CB2052670300F7F87A /* it */,
				1047E7D12052670F00F7F87A /* ja */,
				1047E7D72052671900F7F87A /* nl */,
				1047E7DD2052674200F7F87A /* pl */,
				1047E7E32052675500F7F87A /* pt-BR */,
				1047E7E92052676000F7F87A /* zh-Hans */,
				1047E7EF2052676700F7F87A /* zh-Hant */,
			);
			name = HistoryWindow.xib;
			sourceTree = "<group>";
		};
		104268612019B44A0020443F /* HistoryItem.xib */ = {
			isa = PBXVariantGroup;
			children = (
				104268622019B44A0020443F /* Base */,
				1047E7AE2052667500F7F87A /* en */,
				1047E7B4205266AB00F7F87A /* da */,
				1047E7BA205266B400F7F87A /* de */,
				1047E7C0205266CE00F7F87A /* es */,
				1047E7C6205266EC00F7F87A /* fr */,
				1047E7CC2052670300F7F87A /* it */,
				1047E7D22052670F00F7F87A /* ja */,
				1047E7D82052671900F7F87A /* nl */,
				1047E7DE2052674200F7F87A /* pl */,
				1047E7E42052675500F7F87A /* pt-BR */,
				1047E7EA2052676000F7F87A /* zh-Hans */,
				1047E7F02052676700F7F87A /* zh-Hant */,
			);
			name = HistoryItem.xib;
			sourceTree = "<group>";
		};
		10577BC920522A1700933023 /* Localizable.strings */ = {
			isa = PBXVariantGroup;
			children = (
				10577BCA20522A1700933023 /* Base */,
				1047E8002052679E00F7F87A /* en */,
				1047E8012052679F00F7F87A /* da */,
				1047E802205267A000F7F87A /* de */,
				1047E803205267A200F7F87A /* es */,
				1047E804205267A300F7F87A /* fr */,
				1047E805205267A400F7F87A /* it */,
				1047E806205267A500F7F87A /* ja */,
				1047E807205267A600F7F87A /* nl */,
				1047E808205267A700F7F87A /* pl */,
				1047E809205267A800F7F87A /* pt-BR */,
				1047E80A205267A900F7F87A /* zh-Hans */,
				1047E80B205267AA00F7F87A /* zh-Hant */,
			);
			name = Localizable.strings;
			sourceTree = "<group>";
		};
		10577BDB205250C900933023 /* Credits.rtf */ = {
			isa = PBXVariantGroup;
			children = (
				10577BDC205250C900933023 /* Base */,
				1047E7F42052678000F7F87A /* en */,
				1047E7F52052678200F7F87A /* da */,
				1047E7F62052678300F7F87A /* de */,
				1047E7F72052678500F7F87A /* es */,
				1047E7F82052678700F7F87A /* fr */,
				1047E7F92052678B00F7F87A /* it */,
				1047E7FA2052678C00F7F87A /* ja */,
				1047E7FB2052678F00F7F87A /* nl */,
				1047E7FC2052679100F7F87A /* pl */,
				1047E7FD2052679300F7F87A /* pt-BR */,
				1047E7FE2052679400F7F87A /* zh-Hans */,
				1047E7FF2052679600F7F87A /* zh-Hant */,
			);
			name = Credits.rtf;
			sourceTree = "<group>";
		};
		10DDE27320628DE90060AFF3 /* ITunesSettingGuideWindow.xib */ = {
			isa = PBXVariantGroup;
			children = (
				10DDE27220628DE90060AFF3 /* Base */,
				10DDE27520628E0E0060AFF3 /* en */,
				10DDE27720628E0F0060AFF3 /* da */,
				10DDE27920628E110060AFF3 /* de */,
				10DDE27B20628E110060AFF3 /* es */,
				10DDE27D20628E120060AFF3 /* fr */,
				10DDE27F20628E160060AFF3 /* it */,
				10DDE28120628E170060AFF3 /* ja */,
				10DDE28320628E180060AFF3 /* nl */,
				10DDE28520628E190060AFF3 /* pl */,
				10DDE28720628E1B0060AFF3 /* pt-BR */,
				10DDE28920628E1C0060AFF3 /* zh-Hans */,
				10DDE28B20628E1D0060AFF3 /* zh-Hant */,
			);
			name = ITunesSettingGuideWindow.xib;
			sourceTree = "<group>";
		};
/* End PBXVariantGroup section */

/* Begin XCBuildConfiguration section */
		10A2DFC320F639CA00BDAA61 /* Debug */ = {
			isa = XCBuildConfiguration;
			buildSettings = {
				CODE_SIGN_STYLE = Automatic;
				DEVELOPMENT_TEAM = 6RUSH3G7FN;
				PRODUCT_NAME = "$(TARGET_NAME)";
			};
			name = Debug;
		};
		10A2DFC420F639CA00BDAA61 /* Release */ = {
			isa = XCBuildConfiguration;
			buildSettings = {
				CODE_SIGN_STYLE = Automatic;
				DEVELOPMENT_TEAM = 6RUSH3G7FN;
				PRODUCT_NAME = "$(TARGET_NAME)";
			};
			name = Release;
		};
		10CCF2541FE4F84C003AD44F /* Debug */ = {
			isa = XCBuildConfiguration;
			baseConfigurationReference = 763E4128E357DA36F999A2D8 /* Pods-FireFury Audio DRM Removal.debug.xcconfig */;
			buildSettings = {
				ASSETCATALOG_COMPILER_APPICON_NAME = AppIcon;
				CLANG_ANALYZER_NUMBER_OBJECT_CONVERSION = YES_AGGRESSIVE;
				CLANG_CXX_LANGUAGE_STANDARD = "gnu++14";
				CLANG_WARN_UNGUARDED_AVAILABILITY = YES_AGGRESSIVE;
				CODE_SIGN_IDENTITY = "Mac Developer";
				CODE_SIGN_STYLE = Automatic;
				COMBINE_HIDPI_IMAGES = YES;
				DEVELOPMENT_TEAM = 6RUSH3G7FN;
				GCC_C_LANGUAGE_STANDARD = gnu11;
				GCC_VERSION = "";
				INFOPLIST_FILE = AudioDRM/Info.plist;
				LD_RUNPATH_SEARCH_PATHS = "$(inherited) @executable_path/../Frameworks";
				MACOSX_DEPLOYMENT_TARGET = 10.12;
				PRODUCT_BUNDLE_IDENTIFIER = com.firefury.drmremoval;
				PRODUCT_NAME = "FireFury iTunes DRM Audio Converter";
				PROVISIONING_PROFILE_SPECIFIER = "";
			};
			name = Debug;
		};
		10CCF2551FE4F84C003AD44F /* Release */ = {
			isa = XCBuildConfiguration;
			baseConfigurationReference = C09B4BE4F2FFE8A5A5CC992E /* Pods-FireFury Audio DRM Removal.release.xcconfig */;
			buildSettings = {
				ASSETCATALOG_COMPILER_APPICON_NAME = AppIcon;
				CLANG_ANALYZER_NUMBER_OBJECT_CONVERSION = YES_AGGRESSIVE;
				CLANG_CXX_LANGUAGE_STANDARD = "gnu++14";
				CLANG_WARN_UNGUARDED_AVAILABILITY = YES_AGGRESSIVE;
				CODE_SIGN_IDENTITY = "Mac Developer";
				CODE_SIGN_STYLE = Automatic;
				COMBINE_HIDPI_IMAGES = YES;
				DEVELOPMENT_TEAM = 6RUSH3G7FN;
				GCC_C_LANGUAGE_STANDARD = gnu11;
				GCC_VERSION = "";
				INFOPLIST_FILE = AudioDRM/Info.plist;
				LD_RUNPATH_SEARCH_PATHS = "$(inherited) @executable_path/../Frameworks";
				MACOSX_DEPLOYMENT_TARGET = 10.12;
				OTHER_CFLAGS = "";
				PRODUCT_BUNDLE_IDENTIFIER = com.firefury.drmremoval;
				PRODUCT_NAME = "FireFury iTunes DRM Audio Converter";
				PROVISIONING_PROFILE_SPECIFIER = "";
			};
			name = Release;
		};
		4F49FB5C1F04A3D7008BE799 /* Debug */ = {
			isa = XCBuildConfiguration;
			buildSettings = {
				ALWAYS_SEARCH_USER_PATHS = NO;
				CLANG_ANALYZER_LOCALIZABILITY_NONLOCALIZED = YES;
				CLANG_ANALYZER_NONNULL = YES;
				CLANG_CXX_LANGUAGE_STANDARD = "gnu++0x";
				CLANG_CXX_LIBRARY = "libc++";
				CLANG_ENABLE_MODULES = YES;
				CLANG_ENABLE_OBJC_ARC = YES;
				CLANG_WARN_BLOCK_CAPTURE_AUTORELEASING = YES;
				CLANG_WARN_BOOL_CONVERSION = YES;
				CLANG_WARN_COMMA = YES;
				CLANG_WARN_CONSTANT_CONVERSION = YES;
				CLANG_WARN_DIRECT_OBJC_ISA_USAGE = YES_ERROR;
				CLANG_WARN_DOCUMENTATION_COMMENTS = YES;
				CLANG_WARN_EMPTY_BODY = YES;
				CLANG_WARN_ENUM_CONVERSION = YES;
				CLANG_WARN_INFINITE_RECURSION = YES;
				CLANG_WARN_INT_CONVERSION = YES;
				CLANG_WARN_NON_LITERAL_NULL_CONVERSION = YES;
				CLANG_WARN_OBJC_LITERAL_CONVERSION = YES;
				CLANG_WARN_OBJC_ROOT_CLASS = YES_ERROR;
				CLANG_WARN_RANGE_LOOP_ANALYSIS = YES;
				CLANG_WARN_STRICT_PROTOTYPES = YES;
				CLANG_WARN_SUSPICIOUS_MOVE = YES;
				CLANG_WARN_SUSPICIOUS_MOVES = YES;
				CLANG_WARN_UNREACHABLE_CODE = YES;
				CLANG_WARN__DUPLICATE_METHOD_MATCH = YES;
				CODE_SIGN_IDENTITY = "-";
				COPY_PHASE_STRIP = NO;
				DEBUG_INFORMATION_FORMAT = dwarf;
				ENABLE_STRICT_OBJC_MSGSEND = YES;
				ENABLE_TESTABILITY = YES;
				GCC_C_LANGUAGE_STANDARD = gnu99;
				GCC_DYNAMIC_NO_PIC = NO;
				GCC_NO_COMMON_BLOCKS = YES;
				GCC_OPTIMIZATION_LEVEL = 0;
				GCC_PREPROCESSOR_DEFINITIONS = (
					"DEBUG=1",
					"$(inherited)",
				);
				GCC_WARN_64_TO_32_BIT_CONVERSION = YES;
				GCC_WARN_ABOUT_RETURN_TYPE = YES_ERROR;
				GCC_WARN_UNDECLARED_SELECTOR = YES;
				GCC_WARN_UNINITIALIZED_AUTOS = YES_AGGRESSIVE;
				GCC_WARN_UNUSED_FUNCTION = YES;
				GCC_WARN_UNUSED_VARIABLE = YES;
				MACOSX_DEPLOYMENT_TARGET = 10.12;
				MTL_ENABLE_DEBUG_INFO = YES;
				ONLY_ACTIVE_ARCH = YES;
				SDKROOT = macosx;
			};
			name = Debug;
		};
		4F49FB5D1F04A3D7008BE799 /* Release */ = {
			isa = XCBuildConfiguration;
			buildSettings = {
				ALWAYS_SEARCH_USER_PATHS = NO;
				CLANG_ANALYZER_LOCALIZABILITY_NONLOCALIZED = YES;
				CLANG_ANALYZER_NONNULL = YES;
				CLANG_CXX_LANGUAGE_STANDARD = "gnu++0x";
				CLANG_CXX_LIBRARY = "libc++";
				CLANG_ENABLE_MODULES = YES;
				CLANG_ENABLE_OBJC_ARC = YES;
				CLANG_WARN_BLOCK_CAPTURE_AUTORELEASING = YES;
				CLANG_WARN_BOOL_CONVERSION = YES;
				CLANG_WARN_COMMA = YES;
				CLANG_WARN_CONSTANT_CONVERSION = YES;
				CLANG_WARN_DIRECT_OBJC_ISA_USAGE = YES_ERROR;
				CLANG_WARN_DOCUMENTATION_COMMENTS = YES;
				CLANG_WARN_EMPTY_BODY = YES;
				CLANG_WARN_ENUM_CONVERSION = YES;
				CLANG_WARN_INFINITE_RECURSION = YES;
				CLANG_WARN_INT_CONVERSION = YES;
				CLANG_WARN_NON_LITERAL_NULL_CONVERSION = YES;
				CLANG_WARN_OBJC_LITERAL_CONVERSION = YES;
				CLANG_WARN_OBJC_ROOT_CLASS = YES_ERROR;
				CLANG_WARN_RANGE_LOOP_ANALYSIS = YES;
				CLANG_WARN_STRICT_PROTOTYPES = YES;
				CLANG_WARN_SUSPICIOUS_MOVE = YES;
				CLANG_WARN_SUSPICIOUS_MOVES = YES;
				CLANG_WARN_UNREACHABLE_CODE = YES;
				CLANG_WARN__DUPLICATE_METHOD_MATCH = YES;
				CODE_SIGN_IDENTITY = "-";
				COPY_PHASE_STRIP = NO;
				DEBUG_INFORMATION_FORMAT = "dwarf-with-dsym";
				ENABLE_NS_ASSERTIONS = NO;
				ENABLE_STRICT_OBJC_MSGSEND = YES;
				GCC_C_LANGUAGE_STANDARD = gnu99;
				GCC_NO_COMMON_BLOCKS = YES;
				GCC_WARN_64_TO_32_BIT_CONVERSION = YES;
				GCC_WARN_ABOUT_RETURN_TYPE = YES_ERROR;
				GCC_WARN_UNDECLARED_SELECTOR = YES;
				GCC_WARN_UNINITIALIZED_AUTOS = YES_AGGRESSIVE;
				GCC_WARN_UNUSED_FUNCTION = YES;
				GCC_WARN_UNUSED_VARIABLE = YES;
				MACOSX_DEPLOYMENT_TARGET = 10.12;
				MTL_ENABLE_DEBUG_INFO = NO;
				SDKROOT = macosx;
			};
			name = Release;
		};
/* End XCBuildConfiguration section */

/* Begin XCConfigurationList section */
		10A2DFC520F639CA00BDAA61 /* Build configuration list for PBXAggregateTarget "CreateDMG" */ = {
			isa = XCConfigurationList;
			buildConfigurations = (
				10A2DFC320F639CA00BDAA61 /* Debug */,
				10A2DFC420F639CA00BDAA61 /* Release */,
			);
			defaultConfigurationIsVisible = 0;
			defaultConfigurationName = Release;
		};
		10CCF2531FE4F84C003AD44F /* Build configuration list for PBXNativeTarget "FireFury iTunes DRM Audio Converter" */ = {
			isa = XCConfigurationList;
			buildConfigurations = (
				10CCF2541FE4F84C003AD44F /* Debug */,
				10CCF2551FE4F84C003AD44F /* Release */,
			);
			defaultConfigurationIsVisible = 0;
			defaultConfigurationName = Release;
		};
		4F49FB521F04A3D6008BE799 /* Build configuration list for PBXProject "FireFury iTunes DRM Audio Converter" */ = {
			isa = XCConfigurationList;
			buildConfigurations = (
				4F49FB5C1F04A3D7008BE799 /* Debug */,
				4F49FB5D1F04A3D7008BE799 /* Release */,
			);
			defaultConfigurationIsVisible = 0;
			defaultConfigurationName = Release;
		};
/* End XCConfigurationList section */
	};
	rootObject = 4F49FB4F1F04A3D6008BE799 /* Project object */;
}
